// !$*UTF8*$!
{
	archiveVersion = 1;
	classes = {
	};
	objectVersion = 56;
	objects = {

/* Begin PBXBuildFile section */
		670098412A3D95900083A058 /* StrikeThroughExample.swift in Sources */ = {isa = PBXBuildFile; fileRef = 670098402A3D95900083A058 /* StrikeThroughExample.swift */; };
		6707921F2A0436DB00FCF275 /* VerticalPagingView.swift in Sources */ = {isa = PBXBuildFile; fileRef = 6707921E2A0436DB00FCF275 /* VerticalPagingView.swift */; };
		670792212A043BAB00FCF275 /* ScrollViewOffset.swift in Sources */ = {isa = PBXBuildFile; fileRef = 670792202A043BAB00FCF275 /* ScrollViewOffset.swift */; };
		6718A61F29EC566900B24A18 /* ToggleListExample.swift in Sources */ = {isa = PBXBuildFile; fileRef = 6718A61E29EC566900B24A18 /* ToggleListExample.swift */; };
		671E1E032A87880F0040B818 /* BindingGetSetExample.swift in Sources */ = {isa = PBXBuildFile; fileRef = 671E1E022A87880F0040B818 /* BindingGetSetExample.swift */; };
		67329EAB2AD1713C0011D8D9 /* TransitionExample.swift in Sources */ = {isa = PBXBuildFile; fileRef = 67329EAA2AD1713C0011D8D9 /* TransitionExample.swift */; };
		6734D36629BB91AE0000B5B1 /* ChatGPTExperiment.swift in Sources */ = {isa = PBXBuildFile; fileRef = 6734D36529BB91AE0000B5B1 /* ChatGPTExperiment.swift */; };
		673976FE2A751C8C008028CF /* CancelTaskExample.swift in Sources */ = {isa = PBXBuildFile; fileRef = 673976FD2A751C8C008028CF /* CancelTaskExample.swift */; };
		673BBCD52AE3E85800A8A825 /* LoadingIndicatorModifierExample.swift in Sources */ = {isa = PBXBuildFile; fileRef = 673BBCD42AE3E85800A8A825 /* LoadingIndicatorModifierExample.swift */; };
		673F24E52A99E74000EBF940 /* Localizable.stringsdict in Resources */ = {isa = PBXBuildFile; fileRef = 673F24E72A99E74000EBF940 /* Localizable.stringsdict */; };
		673F24EA2A99E87300EBF940 /* PluralsLocalizationExample.swift in Sources */ = {isa = PBXBuildFile; fileRef = 673F24E92A99E87300EBF940 /* PluralsLocalizationExample.swift */; };
		67495DE02A629CC800B20672 /* HorizontalCollectionFirstExample.swift in Sources */ = {isa = PBXBuildFile; fileRef = 67495DDF2A629CC800B20672 /* HorizontalCollectionFirstExample.swift */; };
		67537DC12A46C5C300BBF348 /* UIKitTextViewExample.swift in Sources */ = {isa = PBXBuildFile; fileRef = 67537DC02A46C5C300BBF348 /* UIKitTextViewExample.swift */; };
		67537DC32A46C66300BBF348 /* ViewWithTaskExample.swift in Sources */ = {isa = PBXBuildFile; fileRef = 67537DC22A46C66300BBF348 /* ViewWithTaskExample.swift */; };
		6764F6C42A07A96E00242A76 /* RoundedCornerShape.swift in Sources */ = {isa = PBXBuildFile; fileRef = 6764F6C32A07A96E00242A76 /* RoundedCornerShape.swift */; };
		676762552A909E0500982F32 /* TabViewFilledIconExample.swift in Sources */ = {isa = PBXBuildFile; fileRef = 676762542A909E0500982F32 /* TabViewFilledIconExample.swift */; };
		677022242A21ECDA00BAB4C5 /* OverlayPreferenceKeyExample.swift in Sources */ = {isa = PBXBuildFile; fileRef = 677022232A21ECDA00BAB4C5 /* OverlayPreferenceKeyExample.swift */; };
		677B0B032A503C4000562A63 /* FillVSForegroundColorExample.swift in Sources */ = {isa = PBXBuildFile; fileRef = 677B0B022A503C4000562A63 /* FillVSForegroundColorExample.swift */; };
		678217932AA4807B00FA8A96 /* PrintChangesExample.swift in Sources */ = {isa = PBXBuildFile; fileRef = 678217922AA4807B00FA8A96 /* PrintChangesExample.swift */; };
		67939CEF298E422700B7F059 /* Shared_SwiftUI_ContentApp.swift in Sources */ = {isa = PBXBuildFile; fileRef = 67939CEE298E422700B7F059 /* Shared_SwiftUI_ContentApp.swift */; };
		67939CF3298E422900B7F059 /* Assets.xcassets in Resources */ = {isa = PBXBuildFile; fileRef = 67939CF2298E422900B7F059 /* Assets.xcassets */; };
		67939CF6298E422900B7F059 /* Preview Assets.xcassets in Resources */ = {isa = PBXBuildFile; fileRef = 67939CF5298E422900B7F059 /* Preview Assets.xcassets */; };
		67939CFD298E425A00B7F059 /* CustomSecureField.swift in Sources */ = {isa = PBXBuildFile; fileRef = 67939CFC298E425A00B7F059 /* CustomSecureField.swift */; };
		67939D01298E484400B7F059 /* UIKitViewDidAppear.swift in Sources */ = {isa = PBXBuildFile; fileRef = 67939D00298E484400B7F059 /* UIKitViewDidAppear.swift */; };
		679846552A5969C000EC6EBA /* ProgressBarExample.swift in Sources */ = {isa = PBXBuildFile; fileRef = 679846542A5969C000EC6EBA /* ProgressBarExample.swift */; };
		67A29FA52A02E06500DDC00C /* TestTextsView.swift in Sources */ = {isa = PBXBuildFile; fileRef = 67A29FA42A02E06500DDC00C /* TestTextsView.swift */; };
		67A6197A2A7E221B00301808 /* TextEditorPlaceholderExample.swift in Sources */ = {isa = PBXBuildFile; fileRef = 67A619792A7E221B00301808 /* TextEditorPlaceholderExample.swift */; };
		67A91A742A362BFA005C245D /* MultipleSheetsView.swift in Sources */ = {isa = PBXBuildFile; fileRef = 67A91A732A362BFA005C245D /* MultipleSheetsView.swift */; };
		67B0164A2A6BACF000A55D40 /* SwitchCaseAnimationExample.swift in Sources */ = {isa = PBXBuildFile; fileRef = 67B016492A6BACF000A55D40 /* SwitchCaseAnimationExample.swift */; };
		67B3E74729EA954900FD7B6F /* BorderVsStrokeBorder.swift in Sources */ = {isa = PBXBuildFile; fileRef = 67B3E74629EA954900FD7B6F /* BorderVsStrokeBorder.swift */; };
		67CEB8D72A2B218D00F6117F /* DisableUserInteractionExample.swift in Sources */ = {isa = PBXBuildFile; fileRef = 67CEB8D62A2B218D00F6117F /* DisableUserInteractionExample.swift */; };
		67D79B8E29AE5D3C00AD89FD /* TabViewExample.swift in Sources */ = {isa = PBXBuildFile; fileRef = 67D79B8D29AE5D3C00AD89FD /* TabViewExample.swift */; };
		67DEDCEE29FD0F9A00D46277 /* SafeAreaExample.swift in Sources */ = {isa = PBXBuildFile; fileRef = 67DEDCED29FD0F9A00D46277 /* SafeAreaExample.swift */; };
		67EA14922AACC15E00CC8057 /* BackButtonTitleExample.swift in Sources */ = {isa = PBXBuildFile; fileRef = 67EA14912AACC15E00CC8057 /* BackButtonTitleExample.swift */; };
		67EC69FA2ADAA81B0087496D /* ThirdPartyDeeplinkExample.swift in Sources */ = {isa = PBXBuildFile; fileRef = 67EC69F92ADAA81B0087496D /* ThirdPartyDeeplinkExample.swift */; };
/* End PBXBuildFile section */

/* Begin PBXFileReference section */
		670098402A3D95900083A058 /* StrikeThroughExample.swift */ = {isa = PBXFileReference; lastKnownFileType = sourcecode.swift; path = StrikeThroughExample.swift; sourceTree = "<group>"; };
		6707921E2A0436DB00FCF275 /* VerticalPagingView.swift */ = {isa = PBXFileReference; lastKnownFileType = sourcecode.swift; path = VerticalPagingView.swift; sourceTree = "<group>"; };
		670792202A043BAB00FCF275 /* ScrollViewOffset.swift */ = {isa = PBXFileReference; lastKnownFileType = sourcecode.swift; path = ScrollViewOffset.swift; sourceTree = "<group>"; };
		6718A61E29EC566900B24A18 /* ToggleListExample.swift */ = {isa = PBXFileReference; lastKnownFileType = sourcecode.swift; path = ToggleListExample.swift; sourceTree = "<group>"; };
		671E1E022A87880F0040B818 /* BindingGetSetExample.swift */ = {isa = PBXFileReference; lastKnownFileType = sourcecode.swift; path = BindingGetSetExample.swift; sourceTree = "<group>"; };
		67329EAA2AD1713C0011D8D9 /* TransitionExample.swift */ = {isa = PBXFileReference; lastKnownFileType = sourcecode.swift; path = TransitionExample.swift; sourceTree = "<group>"; };
		6734D36529BB91AE0000B5B1 /* ChatGPTExperiment.swift */ = {isa = PBXFileReference; lastKnownFileType = sourcecode.swift; path = ChatGPTExperiment.swift; sourceTree = "<group>"; };
		673976FD2A751C8C008028CF /* CancelTaskExample.swift */ = {isa = PBXFileReference; lastKnownFileType = sourcecode.swift; path = CancelTaskExample.swift; sourceTree = "<group>"; };
		673BBCD42AE3E85800A8A825 /* LoadingIndicatorModifierExample.swift */ = {isa = PBXFileReference; lastKnownFileType = sourcecode.swift; path = LoadingIndicatorModifierExample.swift; sourceTree = "<group>"; };
		673F24E62A99E74000EBF940 /* en */ = {isa = PBXFileReference; lastKnownFileType = text.plist.stringsdict; name = en; path = en.lproj/Localizable.stringsdict; sourceTree = "<group>"; };
		673F24E82A99E75700EBF940 /* ru */ = {isa = PBXFileReference; lastKnownFileType = text.plist.stringsdict; name = ru; path = ru.lproj/Localizable.stringsdict; sourceTree = "<group>"; };
		673F24E92A99E87300EBF940 /* PluralsLocalizationExample.swift */ = {isa = PBXFileReference; lastKnownFileType = sourcecode.swift; path = PluralsLocalizationExample.swift; sourceTree = "<group>"; };
		67495DDF2A629CC800B20672 /* HorizontalCollectionFirstExample.swift */ = {isa = PBXFileReference; lastKnownFileType = sourcecode.swift; path = HorizontalCollectionFirstExample.swift; sourceTree = "<group>"; };
		67537DC02A46C5C300BBF348 /* UIKitTextViewExample.swift */ = {isa = PBXFileReference; lastKnownFileType = sourcecode.swift; path = UIKitTextViewExample.swift; sourceTree = "<group>"; };
		67537DC22A46C66300BBF348 /* ViewWithTaskExample.swift */ = {isa = PBXFileReference; lastKnownFileType = sourcecode.swift; path = ViewWithTaskExample.swift; sourceTree = "<group>"; };
		6764F6C32A07A96E00242A76 /* RoundedCornerShape.swift */ = {isa = PBXFileReference; lastKnownFileType = sourcecode.swift; path = RoundedCornerShape.swift; sourceTree = "<group>"; };
		676762542A909E0500982F32 /* TabViewFilledIconExample.swift */ = {isa = PBXFileReference; lastKnownFileType = sourcecode.swift; path = TabViewFilledIconExample.swift; sourceTree = "<group>"; };
		677022232A21ECDA00BAB4C5 /* OverlayPreferenceKeyExample.swift */ = {isa = PBXFileReference; lastKnownFileType = sourcecode.swift; path = OverlayPreferenceKeyExample.swift; sourceTree = "<group>"; };
		677B0B022A503C4000562A63 /* FillVSForegroundColorExample.swift */ = {isa = PBXFileReference; lastKnownFileType = sourcecode.swift; path = FillVSForegroundColorExample.swift; sourceTree = "<group>"; };
		678217922AA4807B00FA8A96 /* PrintChangesExample.swift */ = {isa = PBXFileReference; lastKnownFileType = sourcecode.swift; path = PrintChangesExample.swift; sourceTree = "<group>"; };
		67939CEB298E422700B7F059 /* Shared SwiftUI Content.app */ = {isa = PBXFileReference; explicitFileType = wrapper.application; includeInIndex = 0; path = "Shared SwiftUI Content.app"; sourceTree = BUILT_PRODUCTS_DIR; };
		67939CEE298E422700B7F059 /* Shared_SwiftUI_ContentApp.swift */ = {isa = PBXFileReference; lastKnownFileType = sourcecode.swift; path = Shared_SwiftUI_ContentApp.swift; sourceTree = "<group>"; };
		67939CF2298E422900B7F059 /* Assets.xcassets */ = {isa = PBXFileReference; lastKnownFileType = folder.assetcatalog; path = Assets.xcassets; sourceTree = "<group>"; };
		67939CF5298E422900B7F059 /* Preview Assets.xcassets */ = {isa = PBXFileReference; lastKnownFileType = folder.assetcatalog; path = "Preview Assets.xcassets"; sourceTree = "<group>"; };
		67939CFC298E425A00B7F059 /* CustomSecureField.swift */ = {isa = PBXFileReference; lastKnownFileType = sourcecode.swift; path = CustomSecureField.swift; sourceTree = "<group>"; };
		67939D00298E484400B7F059 /* UIKitViewDidAppear.swift */ = {isa = PBXFileReference; lastKnownFileType = sourcecode.swift; path = UIKitViewDidAppear.swift; sourceTree = "<group>"; };
		67939D02298E4A9100B7F059 /* Shared-SwiftUI-Content-Info.plist */ = {isa = PBXFileReference; lastKnownFileType = text.plist; path = "Shared-SwiftUI-Content-Info.plist"; sourceTree = SOURCE_ROOT; };
		679846542A5969C000EC6EBA /* ProgressBarExample.swift */ = {isa = PBXFileReference; lastKnownFileType = sourcecode.swift; path = ProgressBarExample.swift; sourceTree = "<group>"; };
		67A29FA42A02E06500DDC00C /* TestTextsView.swift */ = {isa = PBXFileReference; lastKnownFileType = sourcecode.swift; path = TestTextsView.swift; sourceTree = "<group>"; };
		67A619792A7E221B00301808 /* TextEditorPlaceholderExample.swift */ = {isa = PBXFileReference; lastKnownFileType = sourcecode.swift; path = TextEditorPlaceholderExample.swift; sourceTree = "<group>"; };
		67A91A732A362BFA005C245D /* MultipleSheetsView.swift */ = {isa = PBXFileReference; lastKnownFileType = sourcecode.swift; path = MultipleSheetsView.swift; sourceTree = "<group>"; };
		67B016492A6BACF000A55D40 /* SwitchCaseAnimationExample.swift */ = {isa = PBXFileReference; lastKnownFileType = sourcecode.swift; path = SwitchCaseAnimationExample.swift; sourceTree = "<group>"; };
		67B3E74629EA954900FD7B6F /* BorderVsStrokeBorder.swift */ = {isa = PBXFileReference; lastKnownFileType = sourcecode.swift; path = BorderVsStrokeBorder.swift; sourceTree = "<group>"; };
		67CEB8D62A2B218D00F6117F /* DisableUserInteractionExample.swift */ = {isa = PBXFileReference; lastKnownFileType = sourcecode.swift; path = DisableUserInteractionExample.swift; sourceTree = "<group>"; };
		67D79B8D29AE5D3C00AD89FD /* TabViewExample.swift */ = {isa = PBXFileReference; lastKnownFileType = sourcecode.swift; path = TabViewExample.swift; sourceTree = "<group>"; };
		67DEDCED29FD0F9A00D46277 /* SafeAreaExample.swift */ = {isa = PBXFileReference; lastKnownFileType = sourcecode.swift; path = SafeAreaExample.swift; sourceTree = "<group>"; };
		67EA14912AACC15E00CC8057 /* BackButtonTitleExample.swift */ = {isa = PBXFileReference; lastKnownFileType = sourcecode.swift; path = BackButtonTitleExample.swift; sourceTree = "<group>"; };
		67EC69F92ADAA81B0087496D /* ThirdPartyDeeplinkExample.swift */ = {isa = PBXFileReference; lastKnownFileType = sourcecode.swift; path = ThirdPartyDeeplinkExample.swift; sourceTree = "<group>"; };
/* End PBXFileReference section */

/* Begin PBXFrameworksBuildPhase section */
		67939CE8298E422700B7F059 /* Frameworks */ = {
			isa = PBXFrameworksBuildPhase;
			buildActionMask = 2147483647;
			files = (
			);
			runOnlyForDeploymentPostprocessing = 0;
		};
/* End PBXFrameworksBuildPhase section */

/* Begin PBXGroup section */
		673F24EB2A99F0AB00EBF940 /* Localization */ = {
			isa = PBXGroup;
			children = (
				673F24E72A99E74000EBF940 /* Localizable.stringsdict */,
			);
			path = Localization;
			sourceTree = "<group>";
		};
		67939CE2298E422700B7F059 = {
			isa = PBXGroup;
			children = (
				67939CED298E422700B7F059 /* Shared SwiftUI Content */,
				67939CEC298E422700B7F059 /* Products */,
			);
			sourceTree = "<group>";
		};
		67939CEC298E422700B7F059 /* Products */ = {
			isa = PBXGroup;
			children = (
				67939CEB298E422700B7F059 /* Shared SwiftUI Content.app */,
			);
			name = Products;
			sourceTree = "<group>";
		};
		67939CED298E422700B7F059 /* Shared SwiftUI Content */ = {
			isa = PBXGroup;
			children = (
				673F24EB2A99F0AB00EBF940 /* Localization */,
				67939D02298E4A9100B7F059 /* Shared-SwiftUI-Content-Info.plist */,
				67939CEE298E422700B7F059 /* Shared_SwiftUI_ContentApp.swift */,
				67939CF2298E422900B7F059 /* Assets.xcassets */,
				67939CF4298E422900B7F059 /* Preview Content */,
				67939CFC298E425A00B7F059 /* CustomSecureField.swift */,
				67939D00298E484400B7F059 /* UIKitViewDidAppear.swift */,
				67D79B8D29AE5D3C00AD89FD /* TabViewExample.swift */,
				6734D36529BB91AE0000B5B1 /* ChatGPTExperiment.swift */,
				67B3E74629EA954900FD7B6F /* BorderVsStrokeBorder.swift */,
				6718A61E29EC566900B24A18 /* ToggleListExample.swift */,
				67DEDCED29FD0F9A00D46277 /* SafeAreaExample.swift */,
				67A29FA42A02E06500DDC00C /* TestTextsView.swift */,
				6707921E2A0436DB00FCF275 /* VerticalPagingView.swift */,
				670792202A043BAB00FCF275 /* ScrollViewOffset.swift */,
				6764F6C32A07A96E00242A76 /* RoundedCornerShape.swift */,
				677022232A21ECDA00BAB4C5 /* OverlayPreferenceKeyExample.swift */,
				67CEB8D62A2B218D00F6117F /* DisableUserInteractionExample.swift */,
				67A91A732A362BFA005C245D /* MultipleSheetsView.swift */,
				670098402A3D95900083A058 /* StrikeThroughExample.swift */,
				67537DC02A46C5C300BBF348 /* UIKitTextViewExample.swift */,
				67537DC22A46C66300BBF348 /* ViewWithTaskExample.swift */,
				677B0B022A503C4000562A63 /* FillVSForegroundColorExample.swift */,
				679846542A5969C000EC6EBA /* ProgressBarExample.swift */,
				67495DDF2A629CC800B20672 /* HorizontalCollectionFirstExample.swift */,
				67B016492A6BACF000A55D40 /* SwitchCaseAnimationExample.swift */,
				673976FD2A751C8C008028CF /* CancelTaskExample.swift */,
				67A619792A7E221B00301808 /* TextEditorPlaceholderExample.swift */,
				671E1E022A87880F0040B818 /* BindingGetSetExample.swift */,
				676762542A909E0500982F32 /* TabViewFilledIconExample.swift */,
				673F24E92A99E87300EBF940 /* PluralsLocalizationExample.swift */,
				678217922AA4807B00FA8A96 /* PrintChangesExample.swift */,
				67EA14912AACC15E00CC8057 /* BackButtonTitleExample.swift */,
				67329EAA2AD1713C0011D8D9 /* TransitionExample.swift */,
				67EC69F92ADAA81B0087496D /* ThirdPartyDeeplinkExample.swift */,
				673BBCD42AE3E85800A8A825 /* LoadingIndicatorModifierExample.swift */,
			);
			path = "Shared SwiftUI Content";
			sourceTree = "<group>";
		};
		67939CF4298E422900B7F059 /* Preview Content */ = {
			isa = PBXGroup;
			children = (
				67939CF5298E422900B7F059 /* Preview Assets.xcassets */,
			);
			path = "Preview Content";
			sourceTree = "<group>";
		};
/* End PBXGroup section */

/* Begin PBXNativeTarget section */
		67939CEA298E422700B7F059 /* Shared SwiftUI Content */ = {
			isa = PBXNativeTarget;
			buildConfigurationList = 67939CF9298E422900B7F059 /* Build configuration list for PBXNativeTarget "Shared SwiftUI Content" */;
			buildPhases = (
				67939CE7298E422700B7F059 /* Sources */,
				67939CE8298E422700B7F059 /* Frameworks */,
				67939CE9298E422700B7F059 /* Resources */,
			);
			buildRules = (
			);
			dependencies = (
			);
			name = "Shared SwiftUI Content";
			productName = "Shared SwiftUI Content";
			productReference = 67939CEB298E422700B7F059 /* Shared SwiftUI Content.app */;
			productType = "com.apple.product-type.application";
		};
/* End PBXNativeTarget section */

/* Begin PBXProject section */
		67939CE3298E422700B7F059 /* Project object */ = {
			isa = PBXProject;
			attributes = {
				BuildIndependentTargetsInParallel = 1;
				LastSwiftUpdateCheck = 1420;
				LastUpgradeCheck = 1500;
				TargetAttributes = {
					67939CEA298E422700B7F059 = {
						CreatedOnToolsVersion = 14.2;
					};
				};
			};
			buildConfigurationList = 67939CE6298E422700B7F059 /* Build configuration list for PBXProject "Shared SwiftUI Content" */;
			compatibilityVersion = "Xcode 14.0";
			developmentRegion = ru;
			hasScannedForEncodings = 0;
			knownRegions = (
				en,
				Base,
				ru,
			);
			mainGroup = 67939CE2298E422700B7F059;
			productRefGroup = 67939CEC298E422700B7F059 /* Products */;
			projectDirPath = "";
			projectRoot = "";
			targets = (
				67939CEA298E422700B7F059 /* Shared SwiftUI Content */,
			);
		};
/* End PBXProject section */

/* Begin PBXResourcesBuildPhase section */
		67939CE9298E422700B7F059 /* Resources */ = {
			isa = PBXResourcesBuildPhase;
			buildActionMask = 2147483647;
			files = (
				67939CF6298E422900B7F059 /* Preview Assets.xcassets in Resources */,
				67939CF3298E422900B7F059 /* Assets.xcassets in Resources */,
				673F24E52A99E74000EBF940 /* Localizable.stringsdict in Resources */,
			);
			runOnlyForDeploymentPostprocessing = 0;
		};
/* End PBXResourcesBuildPhase section */

/* Begin PBXSourcesBuildPhase section */
		67939CE7298E422700B7F059 /* Sources */ = {
			isa = PBXSourcesBuildPhase;
			buildActionMask = 2147483647;
			files = (
				67939CFD298E425A00B7F059 /* CustomSecureField.swift in Sources */,
				67A6197A2A7E221B00301808 /* TextEditorPlaceholderExample.swift in Sources */,
				67495DE02A629CC800B20672 /* HorizontalCollectionFirstExample.swift in Sources */,
				670098412A3D95900083A058 /* StrikeThroughExample.swift in Sources */,
				6734D36629BB91AE0000B5B1 /* ChatGPTExperiment.swift in Sources */,
				67329EAB2AD1713C0011D8D9 /* TransitionExample.swift in Sources */,
				677B0B032A503C4000562A63 /* FillVSForegroundColorExample.swift in Sources */,
				67939D01298E484400B7F059 /* UIKitViewDidAppear.swift in Sources */,
				67CEB8D72A2B218D00F6117F /* DisableUserInteractionExample.swift in Sources */,
				677022242A21ECDA00BAB4C5 /* OverlayPreferenceKeyExample.swift in Sources */,
				67A91A742A362BFA005C245D /* MultipleSheetsView.swift in Sources */,
				676762552A909E0500982F32 /* TabViewFilledIconExample.swift in Sources */,
				6718A61F29EC566900B24A18 /* ToggleListExample.swift in Sources */,
				67537DC12A46C5C300BBF348 /* UIKitTextViewExample.swift in Sources */,
				67DEDCEE29FD0F9A00D46277 /* SafeAreaExample.swift in Sources */,
				6764F6C42A07A96E00242A76 /* RoundedCornerShape.swift in Sources */,
				67EC69FA2ADAA81B0087496D /* ThirdPartyDeeplinkExample.swift in Sources */,
				67939CEF298E422700B7F059 /* Shared_SwiftUI_ContentApp.swift in Sources */,
				67537DC32A46C66300BBF348 /* ViewWithTaskExample.swift in Sources */,
				67D79B8E29AE5D3C00AD89FD /* TabViewExample.swift in Sources */,
				678217932AA4807B00FA8A96 /* PrintChangesExample.swift in Sources */,
				67B3E74729EA954900FD7B6F /* BorderVsStrokeBorder.swift in Sources */,
				673BBCD52AE3E85800A8A825 /* LoadingIndicatorModifierExample.swift in Sources */,
				673976FE2A751C8C008028CF /* CancelTaskExample.swift in Sources */,
				6707921F2A0436DB00FCF275 /* VerticalPagingView.swift in Sources */,
				673F24EA2A99E87300EBF940 /* PluralsLocalizationExample.swift in Sources */,
				679846552A5969C000EC6EBA /* ProgressBarExample.swift in Sources */,
				670792212A043BAB00FCF275 /* ScrollViewOffset.swift in Sources */,
				67B0164A2A6BACF000A55D40 /* SwitchCaseAnimationExample.swift in Sources */,
				671E1E032A87880F0040B818 /* BindingGetSetExample.swift in Sources */,
				67A29FA52A02E06500DDC00C /* TestTextsView.swift in Sources */,
				67EA14922AACC15E00CC8057 /* BackButtonTitleExample.swift in Sources */,
			);
			runOnlyForDeploymentPostprocessing = 0;
		};
/* End PBXSourcesBuildPhase section */

/* Begin PBXVariantGroup section */
		673F24E72A99E74000EBF940 /* Localizable.stringsdict */ = {
			isa = PBXVariantGroup;
			children = (
				673F24E62A99E74000EBF940 /* en */,
				673F24E82A99E75700EBF940 /* ru */,
			);
			name = Localizable.stringsdict;
			sourceTree = "<group>";
		};
/* End PBXVariantGroup section */

/* Begin XCBuildConfiguration section */
		67939CF7298E422900B7F059 /* Debug */ = {
			isa = XCBuildConfiguration;
			buildSettings = {
				ALWAYS_SEARCH_USER_PATHS = NO;
				ASSETCATALOG_COMPILER_GENERATE_SWIFT_ASSET_SYMBOL_EXTENSIONS = YES;
				CLANG_ANALYZER_LOCALIZABILITY_NONLOCALIZED = YES;
				CLANG_ANALYZER_NONNULL = YES;
				CLANG_ANALYZER_NUMBER_OBJECT_CONVERSION = YES_AGGRESSIVE;
				CLANG_CXX_LANGUAGE_STANDARD = "gnu++20";
				CLANG_ENABLE_MODULES = YES;
				CLANG_ENABLE_OBJC_ARC = YES;
				CLANG_ENABLE_OBJC_WEAK = YES;
				CLANG_WARN_BLOCK_CAPTURE_AUTORELEASING = YES;
				CLANG_WARN_BOOL_CONVERSION = YES;
				CLANG_WARN_COMMA = YES;
				CLANG_WARN_CONSTANT_CONVERSION = YES;
				CLANG_WARN_DEPRECATED_OBJC_IMPLEMENTATIONS = YES;
				CLANG_WARN_DIRECT_OBJC_ISA_USAGE = YES_ERROR;
				CLANG_WARN_DOCUMENTATION_COMMENTS = YES;
				CLANG_WARN_EMPTY_BODY = YES;
				CLANG_WARN_ENUM_CONVERSION = YES;
				CLANG_WARN_INFINITE_RECURSION = YES;
				CLANG_WARN_INT_CONVERSION = YES;
				CLANG_WARN_NON_LITERAL_NULL_CONVERSION = YES;
				CLANG_WARN_OBJC_IMPLICIT_RETAIN_SELF = YES;
				CLANG_WARN_OBJC_LITERAL_CONVERSION = YES;
				CLANG_WARN_OBJC_ROOT_CLASS = YES_ERROR;
				CLANG_WARN_QUOTED_INCLUDE_IN_FRAMEWORK_HEADER = YES;
				CLANG_WARN_RANGE_LOOP_ANALYSIS = YES;
				CLANG_WARN_STRICT_PROTOTYPES = YES;
				CLANG_WARN_SUSPICIOUS_MOVE = YES;
				CLANG_WARN_UNGUARDED_AVAILABILITY = YES_AGGRESSIVE;
				CLANG_WARN_UNREACHABLE_CODE = YES;
				CLANG_WARN__DUPLICATE_METHOD_MATCH = YES;
				COPY_PHASE_STRIP = NO;
				DEBUG_INFORMATION_FORMAT = dwarf;
				ENABLE_STRICT_OBJC_MSGSEND = YES;
				ENABLE_TESTABILITY = YES;
				ENABLE_USER_SCRIPT_SANDBOXING = YES;
				GCC_C_LANGUAGE_STANDARD = gnu11;
				GCC_DYNAMIC_NO_PIC = NO;
				GCC_NO_COMMON_BLOCKS = YES;
				GCC_OPTIMIZATION_LEVEL = 0;
				GCC_PREPROCESSOR_DEFINITIONS = (
					"DEBUG=1",
					"$(inherited)",
				);
				GCC_WARN_64_TO_32_BIT_CONVERSION = YES;
				GCC_WARN_ABOUT_RETURN_TYPE = YES_ERROR;
				GCC_WARN_UNDECLARED_SELECTOR = YES;
				GCC_WARN_UNINITIALIZED_AUTOS = YES_AGGRESSIVE;
				GCC_WARN_UNUSED_FUNCTION = YES;
				GCC_WARN_UNUSED_VARIABLE = YES;
				IPHONEOS_DEPLOYMENT_TARGET = 15.0;
				MTL_ENABLE_DEBUG_INFO = INCLUDE_SOURCE;
				MTL_FAST_MATH = YES;
				ONLY_ACTIVE_ARCH = YES;
				SDKROOT = iphoneos;
				SWIFT_ACTIVE_COMPILATION_CONDITIONS = DEBUG;
				SWIFT_OPTIMIZATION_LEVEL = "-Onone";
			};
			name = Debug;
		};
		67939CF8298E422900B7F059 /* Release */ = {
			isa = XCBuildConfiguration;
			buildSettings = {
				ALWAYS_SEARCH_USER_PATHS = NO;
				ASSETCATALOG_COMPILER_GENERATE_SWIFT_ASSET_SYMBOL_EXTENSIONS = YES;
				CLANG_ANALYZER_LOCALIZABILITY_NONLOCALIZED = YES;
				CLANG_ANALYZER_NONNULL = YES;
				CLANG_ANALYZER_NUMBER_OBJECT_CONVERSION = YES_AGGRESSIVE;
				CLANG_CXX_LANGUAGE_STANDARD = "gnu++20";
				CLANG_ENABLE_MODULES = YES;
				CLANG_ENABLE_OBJC_ARC = YES;
				CLANG_ENABLE_OBJC_WEAK = YES;
				CLANG_WARN_BLOCK_CAPTURE_AUTORELEASING = YES;
				CLANG_WARN_BOOL_CONVERSION = YES;
				CLANG_WARN_COMMA = YES;
				CLANG_WARN_CONSTANT_CONVERSION = YES;
				CLANG_WARN_DEPRECATED_OBJC_IMPLEMENTATIONS = YES;
				CLANG_WARN_DIRECT_OBJC_ISA_USAGE = YES_ERROR;
				CLANG_WARN_DOCUMENTATION_COMMENTS = YES;
				CLANG_WARN_EMPTY_BODY = YES;
				CLANG_WARN_ENUM_CONVERSION = YES;
				CLANG_WARN_INFINITE_RECURSION = YES;
				CLANG_WARN_INT_CONVERSION = YES;
				CLANG_WARN_NON_LITERAL_NULL_CONVERSION = YES;
				CLANG_WARN_OBJC_IMPLICIT_RETAIN_SELF = YES;
				CLANG_WARN_OBJC_LITERAL_CONVERSION = YES;
				CLANG_WARN_OBJC_ROOT_CLASS = YES_ERROR;
				CLANG_WARN_QUOTED_INCLUDE_IN_FRAMEWORK_HEADER = YES;
				CLANG_WARN_RANGE_LOOP_ANALYSIS = YES;
				CLANG_WARN_STRICT_PROTOTYPES = YES;
				CLANG_WARN_SUSPICIOUS_MOVE = YES;
				CLANG_WARN_UNGUARDED_AVAILABILITY = YES_AGGRESSIVE;
				CLANG_WARN_UNREACHABLE_CODE = YES;
				CLANG_WARN__DUPLICATE_METHOD_MATCH = YES;
				COPY_PHASE_STRIP = NO;
				DEBUG_INFORMATION_FORMAT = "dwarf-with-dsym";
				ENABLE_NS_ASSERTIONS = NO;
				ENABLE_STRICT_OBJC_MSGSEND = YES;
				ENABLE_USER_SCRIPT_SANDBOXING = YES;
				GCC_C_LANGUAGE_STANDARD = gnu11;
				GCC_NO_COMMON_BLOCKS = YES;
				GCC_WARN_64_TO_32_BIT_CONVERSION = YES;
				GCC_WARN_ABOUT_RETURN_TYPE = YES_ERROR;
				GCC_WARN_UNDECLARED_SELECTOR = YES;
				GCC_WARN_UNINITIALIZED_AUTOS = YES_AGGRESSIVE;
				GCC_WARN_UNUSED_FUNCTION = YES;
				GCC_WARN_UNUSED_VARIABLE = YES;
				IPHONEOS_DEPLOYMENT_TARGET = 15.0;
				MTL_ENABLE_DEBUG_INFO = NO;
				MTL_FAST_MATH = YES;
				SDKROOT = iphoneos;
				SWIFT_COMPILATION_MODE = wholemodule;
				SWIFT_OPTIMIZATION_LEVEL = "-O";
				VALIDATE_PRODUCT = YES;
			};
			name = Release;
		};
		67939CFA298E422900B7F059 /* Debug */ = {
			isa = XCBuildConfiguration;
			buildSettings = {
				ASSETCATALOG_COMPILER_APPICON_NAME = AppIcon;
				ASSETCATALOG_COMPILER_GLOBAL_ACCENT_COLOR_NAME = AccentColor;
				CODE_SIGN_STYLE = Automatic;
				CURRENT_PROJECT_VERSION = 1;
				DEVELOPMENT_ASSET_PATHS = "\"Shared SwiftUI Content/Preview Content\"";
				DEVELOPMENT_TEAM = 3PHS45582J;
				ENABLE_PREVIEWS = YES;
				GENERATE_INFOPLIST_FILE = YES;
				INFOPLIST_FILE = "Shared-SwiftUI-Content-Info.plist";
				INFOPLIST_KEY_UIApplicationSceneManifest_Generation = YES;
				INFOPLIST_KEY_UIApplicationSupportsIndirectInputEvents = YES;
				INFOPLIST_KEY_UILaunchScreen_Generation = YES;
				INFOPLIST_KEY_UISupportedInterfaceOrientations_iPad = "UIInterfaceOrientationPortrait UIInterfaceOrientationPortraitUpsideDown UIInterfaceOrientationLandscapeLeft UIInterfaceOrientationLandscapeRight";
				INFOPLIST_KEY_UISupportedInterfaceOrientations_iPhone = "UIInterfaceOrientationPortrait UIInterfaceOrientationLandscapeLeft UIInterfaceOrientationLandscapeRight";
				IPHONEOS_DEPLOYMENT_TARGET = 15;
				LD_RUNPATH_SEARCH_PATHS = (
					"$(inherited)",
					"@executable_path/Frameworks",
				);
				MARKETING_VERSION = 1.0;
				PRODUCT_BUNDLE_IDENTIFIER = "com.oleg991.Shared-SwiftUI-Content";
				PRODUCT_NAME = "$(TARGET_NAME)";
				SUPPORTED_PLATFORMS = "iphoneos iphonesimulator";
				SUPPORTS_MACCATALYST = NO;
				SUPPORTS_MAC_DESIGNED_FOR_IPHONE_IPAD = NO;
				SWIFT_EMIT_LOC_STRINGS = YES;
				SWIFT_VERSION = 5.0;
				TARGETED_DEVICE_FAMILY = 1;
			};
			name = Debug;
		};
		67939CFB298E422900B7F059 /* Release */ = {
			isa = XCBuildConfiguration;
			buildSettings = {
				ASSETCATALOG_COMPILER_APPICON_NAME = AppIcon;
				ASSETCATALOG_COMPILER_GLOBAL_ACCENT_COLOR_NAME = AccentColor;
				CODE_SIGN_STYLE = Automatic;
				CURRENT_PROJECT_VERSION = 1;
				DEVELOPMENT_ASSET_PATHS = "\"Shared SwiftUI Content/Preview Content\"";
				DEVELOPMENT_TEAM = 3PHS45582J;
				ENABLE_PREVIEWS = YES;
				GENERATE_INFOPLIST_FILE = YES;
				INFOPLIST_FILE = "Shared-SwiftUI-Content-Info.plist";
				INFOPLIST_KEY_UIApplicationSceneManifest_Generation = YES;
				INFOPLIST_KEY_UIApplicationSupportsIndirectInputEvents = YES;
				INFOPLIST_KEY_UILaunchScreen_Generation = YES;
				INFOPLIST_KEY_UISupportedInterfaceOrientations_iPad = "UIInterfaceOrientationPortrait UIInterfaceOrientationPortraitUpsideDown UIInterfaceOrientationLandscapeLeft UIInterfaceOrientationLandscapeRight";
				INFOPLIST_KEY_UISupportedInterfaceOrientations_iPhone = "UIInterfaceOrientationPortrait UIInterfaceOrientationLandscapeLeft UIInterfaceOrientationLandscapeRight";
				IPHONEOS_DEPLOYMENT_TARGET = 15;
				LD_RUNPATH_SEARCH_PATHS = (
					"$(inherited)",
					"@executable_path/Frameworks",
				);
				MARKETING_VERSION = 1.0;
				PRODUCT_BUNDLE_IDENTIFIER = "com.oleg991.Shared-SwiftUI-Content";
				PRODUCT_NAME = "$(TARGET_NAME)";
				SUPPORTED_PLATFORMS = "iphoneos iphonesimulator";
				SUPPORTS_MACCATALYST = NO;
				SUPPORTS_MAC_DESIGNED_FOR_IPHONE_IPAD = NO;
				SWIFT_EMIT_LOC_STRINGS = YES;
				SWIFT_VERSION = 5.0;
				TARGETED_DEVICE_FAMILY = 1;
			};
			name = Release;
		};
/* End XCBuildConfiguration section */

/* Begin XCConfigurationList section */
		67939CE6298E422700B7F059 /* Build configuration list for PBXProject "Shared SwiftUI Content" */ = {
			isa = XCConfigurationList;
			buildConfigurations = (
				67939CF7298E422900B7F059 /* Debug */,
				67939CF8298E422900B7F059 /* Release */,
			);
			defaultConfigurationIsVisible = 0;
			defaultConfigurationName = Release;
		};
		67939CF9298E422900B7F059 /* Build configuration list for PBXNativeTarget "Shared SwiftUI Content" */ = {
			isa = XCConfigurationList;
			buildConfigurations = (
				67939CFA298E422900B7F059 /* Debug */,
				67939CFB298E422900B7F059 /* Release */,
			);
			defaultConfigurationIsVisible = 0;
			defaultConfigurationName = Release;
		};
/* End XCConfigurationList section */
	};
	rootObject = 67939CE3298E422700B7F059 /* Project object */;
}
