// !$*UTF8*$!
{
	archiveVersion = 1;
	classes = {
	};
	objectVersion = 77;
	objects = {

/* Begin PBXBuildFile section */
		673AA1B32CF9A19800AFA32F /* DeeplinkParser in Frameworks */ = {isa = PBXBuildFile; productRef = 673AA1B22CF9A19800AFA32F /* DeeplinkParser */; };
		6769CBE92D5E364B0060D9FF /* VpnChecker in Frameworks */ = {isa = PBXBuildFile; productRef = 6769CBE82D5E364B0060D9FF /* VpnChecker */; };
		67A9AEBB2CD604BB00F10DA0 /* PFVImplementation in Frameworks */ = {isa = PBXBuildFile; productRef = 67A9AEBA2CD604BB00F10DA0 /* PFVImplementation */; };
		67A9AEBD2CD604BB00F10DA0 /* PFVInterface in Frameworks */ = {isa = PBXBuildFile; productRef = 67A9AEBC2CD604BB00F10DA0 /* PFVInterface */; };
		67CD5FA02CD8CC36001669C1 /* CustomHorizontalCollection in Frameworks */ = {isa = PBXBuildFile; productRef = 67CD5F9F2CD8CC36001669C1 /* CustomHorizontalCollection */; };
/* End PBXBuildFile section */

/* Begin PBXFileReference section */
		67939CEB298E422700B7F059 /* Shared SwiftUI Content.app */ = {isa = PBXFileReference; explicitFileType = wrapper.application; includeInIndex = 0; path = "Shared SwiftUI Content.app"; sourceTree = BUILT_PRODUCTS_DIR; };
/* End PBXFileReference section */

/* Begin PBXFileSystemSynchronizedBuildFileExceptionSet section */
		67128C812CE87EA700FBD95B /* Exceptions for "Shared SwiftUI Content" folder in "Shared SwiftUI Content" target */ = {
			isa = PBXFileSystemSynchronizedBuildFileExceptionSet;
			membershipExceptions = (
				"Shared-SwiftUI-Content-Info.plist",
			);
			target = 67939CEA298E422700B7F059 /* Shared SwiftUI Content */;
		};
/* End PBXFileSystemSynchronizedBuildFileExceptionSet section */

/* Begin PBXFileSystemSynchronizedRootGroup section */
		67128B9B2CE87DB400FBD95B /* DemoPackages */ = {
			isa = PBXFileSystemSynchronizedRootGroup;
			path = DemoPackages;
			sourceTree = "<group>";
		};
		67EFF66E2CE7998700B0F222 /* Shared SwiftUI Content */ = {
			isa = PBXFileSystemSynchronizedRootGroup;
			exceptions = (
				67128C812CE87EA700FBD95B /* Exceptions for "Shared SwiftUI Content" folder in "Shared SwiftUI Content" target */,
			);
			path = "Shared SwiftUI Content";
			sourceTree = "<group>";
		};
/* End PBXFileSystemSynchronizedRootGroup section */

/* Begin PBXFrameworksBuildPhase section */
		67939CE8298E422700B7F059 /* Frameworks */ = {
			isa = PBXFrameworksBuildPhase;
			buildActionMask = 2147483647;
			files = (
				67CD5FA02CD8CC36001669C1 /* CustomHorizontalCollection in Frameworks */,
				6769CBE92D5E364B0060D9FF /* VpnChecker in Frameworks */,
				67A9AEBB2CD604BB00F10DA0 /* PFVImplementation in Frameworks */,
				67A9AEBD2CD604BB00F10DA0 /* PFVInterface in Frameworks */,
				673AA1B32CF9A19800AFA32F /* DeeplinkParser in Frameworks */,
			);
			runOnlyForDeploymentPostprocessing = 0;
		};
/* End PBXFrameworksBuildPhase section */

/* Begin PBXGroup section */
		67939CE2298E422700B7F059 = {
			isa = PBXGroup;
			children = (
				67128B9B2CE87DB400FBD95B /* DemoPackages */,
				67EFF66E2CE7998700B0F222 /* Shared SwiftUI Content */,
				67939CEC298E422700B7F059 /* Products */,
			);
			sourceTree = "<group>";
		};
		67939CEC298E422700B7F059 /* Products */ = {
			isa = PBXGroup;
			children = (
				67939CEB298E422700B7F059 /* Shared SwiftUI Content.app */,
			);
			name = Products;
			sourceTree = "<group>";
		};
/* End PBXGroup section */

/* Begin PBXNativeTarget section */
		67939CEA298E422700B7F059 /* Shared SwiftUI Content */ = {
			isa = PBXNativeTarget;
			buildConfigurationList = 67939CF9298E422900B7F059 /* Build configuration list for PBXNativeTarget "Shared SwiftUI Content" */;
			buildPhases = (
				67939CE7298E422700B7F059 /* Sources */,
				67939CE8298E422700B7F059 /* Frameworks */,
				67939CE9298E422700B7F059 /* Resources */,
			);
			buildRules = (
			);
			dependencies = (
			);
			fileSystemSynchronizedGroups = (
				67EFF66E2CE7998700B0F222 /* Shared SwiftUI Content */,
			);
			name = "Shared SwiftUI Content";
			productName = "Shared SwiftUI Content";
			productReference = 67939CEB298E422700B7F059 /* Shared SwiftUI Content.app */;
			productType = "com.apple.product-type.application";
		};
/* End PBXNativeTarget section */

/* Begin PBXProject section */
		67939CE3298E422700B7F059 /* Project object */ = {
			isa = PBXProject;
			attributes = {
				BuildIndependentTargetsInParallel = 1;
				LastSwiftUpdateCheck = 1540;
				LastUpgradeCheck = 1610;
				TargetAttributes = {
					67939CEA298E422700B7F059 = {
						CreatedOnToolsVersion = 14.2;
					};
				};
			};
			buildConfigurationList = 67939CE6298E422700B7F059 /* Build configuration list for PBXProject "Shared SwiftUI Content" */;
			developmentRegion = ru;
			hasScannedForEncodings = 0;
			knownRegions = (
				en,
				Base,
				ru,
			);
			mainGroup = 67939CE2298E422700B7F059;
			packageReferences = (
				67A9AEB92CD604BB00F10DA0 /* XCLocalSwiftPackageReference "DemoPackages/ProtocolForView" */,
				673AA1B12CF9A19800AFA32F /* XCLocalSwiftPackageReference "DemoPackages/DeeplinkParser" */,
				6769CBE72D5E364B0060D9FF /* XCLocalSwiftPackageReference "DemoPackages/VpnChecker" */,
			);
			preferredProjectObjectVersion = 77;
			productRefGroup = 67939CEC298E422700B7F059 /* Products */;
			projectDirPath = "";
			projectRoot = "";
			targets = (
				67939CEA298E422700B7F059 /* Shared SwiftUI Content */,
			);
		};
/* End PBXProject section */

/* Begin PBXResourcesBuildPhase section */
		67939CE9298E422700B7F059 /* Resources */ = {
			isa = PBXResourcesBuildPhase;
			buildActionMask = 2147483647;
			files = (
			);
			runOnlyForDeploymentPostprocessing = 0;
		};
/* End PBXResourcesBuildPhase section */

/* Begin PBXSourcesBuildPhase section */
		67939CE7298E422700B7F059 /* Sources */ = {
			isa = PBXSourcesBuildPhase;
			buildActionMask = 2147483647;
			files = (
			);
			runOnlyForDeploymentPostprocessing = 0;
		};
/* End PBXSourcesBuildPhase section */

/* Begin XCBuildConfiguration section */
		67939CF7298E422900B7F059 /* Debug */ = {
			isa = XCBuildConfiguration;
			buildSettings = {
				ALWAYS_SEARCH_USER_PATHS = NO;
				ASSETCATALOG_COMPILER_GENERATE_SWIFT_ASSET_SYMBOL_EXTENSIONS = YES;
				CLANG_ANALYZER_LOCALIZABILITY_NONLOCALIZED = YES;
				CLANG_ANALYZER_NONNULL = YES;
				CLANG_ANALYZER_NUMBER_OBJECT_CONVERSION = YES_AGGRESSIVE;
				CLANG_CXX_LANGUAGE_STANDARD = "gnu++20";
				CLANG_ENABLE_MODULES = YES;
				CLANG_ENABLE_OBJC_ARC = YES;
				CLANG_ENABLE_OBJC_WEAK = YES;
				CLANG_WARN_BLOCK_CAPTURE_AUTORELEASING = YES;
				CLANG_WARN_BOOL_CONVERSION = YES;
				CLANG_WARN_COMMA = YES;
				CLANG_WARN_CONSTANT_CONVERSION = YES;
				CLANG_WARN_DEPRECATED_OBJC_IMPLEMENTATIONS = YES;
				CLANG_WARN_DIRECT_OBJC_ISA_USAGE = YES_ERROR;
				CLANG_WARN_DOCUMENTATION_COMMENTS = YES;
				CLANG_WARN_EMPTY_BODY = YES;
				CLANG_WARN_ENUM_CONVERSION = YES;
				CLANG_WARN_INFINITE_RECURSION = YES;
				CLANG_WARN_INT_CONVERSION = YES;
				CLANG_WARN_NON_LITERAL_NULL_CONVERSION = YES;
				CLANG_WARN_OBJC_IMPLICIT_RETAIN_SELF = YES;
				CLANG_WARN_OBJC_LITERAL_CONVERSION = YES;
				CLANG_WARN_OBJC_ROOT_CLASS = YES_ERROR;
				CLANG_WARN_QUOTED_INCLUDE_IN_FRAMEWORK_HEADER = YES;
				CLANG_WARN_RANGE_LOOP_ANALYSIS = YES;
				CLANG_WARN_STRICT_PROTOTYPES = YES;
				CLANG_WARN_SUSPICIOUS_MOVE = YES;
				CLANG_WARN_UNGUARDED_AVAILABILITY = YES_AGGRESSIVE;
				CLANG_WARN_UNREACHABLE_CODE = YES;
				CLANG_WARN__DUPLICATE_METHOD_MATCH = YES;
				COPY_PHASE_STRIP = NO;
				DEBUG_INFORMATION_FORMAT = dwarf;
				ENABLE_STRICT_OBJC_MSGSEND = YES;
				ENABLE_TESTABILITY = YES;
				ENABLE_USER_SCRIPT_SANDBOXING = YES;
				GCC_C_LANGUAGE_STANDARD = gnu11;
				GCC_DYNAMIC_NO_PIC = NO;
				GCC_NO_COMMON_BLOCKS = YES;
				GCC_OPTIMIZATION_LEVEL = 0;
				GCC_PREPROCESSOR_DEFINITIONS = (
					"DEBUG=1",
					"$(inherited)",
				);
				GCC_WARN_64_TO_32_BIT_CONVERSION = YES;
				GCC_WARN_ABOUT_RETURN_TYPE = YES_ERROR;
				GCC_WARN_UNDECLARED_SELECTOR = YES;
				GCC_WARN_UNINITIALIZED_AUTOS = YES_AGGRESSIVE;
				GCC_WARN_UNUSED_FUNCTION = YES;
				GCC_WARN_UNUSED_VARIABLE = YES;
				IPHONEOS_DEPLOYMENT_TARGET = 16.0;
				LOCALIZATION_PREFERS_STRING_CATALOGS = YES;
				MTL_ENABLE_DEBUG_INFO = INCLUDE_SOURCE;
				MTL_FAST_MATH = YES;
				ONLY_ACTIVE_ARCH = YES;
				SDKROOT = iphoneos;
				SWIFT_ACTIVE_COMPILATION_CONDITIONS = DEBUG;
				SWIFT_EMIT_LOC_STRINGS = YES;
				SWIFT_OPTIMIZATION_LEVEL = "-Onone";
			};
			name = Debug;
		};
		67939CF8298E422900B7F059 /* Release */ = {
			isa = XCBuildConfiguration;
			buildSettings = {
				ALWAYS_SEARCH_USER_PATHS = NO;
				ASSETCATALOG_COMPILER_GENERATE_SWIFT_ASSET_SYMBOL_EXTENSIONS = YES;
				CLANG_ANALYZER_LOCALIZABILITY_NONLOCALIZED = YES;
				CLANG_ANALYZER_NONNULL = YES;
				CLANG_ANALYZER_NUMBER_OBJECT_CONVERSION = YES_AGGRESSIVE;
				CLANG_CXX_LANGUAGE_STANDARD = "gnu++20";
				CLANG_ENABLE_MODULES = YES;
				CLANG_ENABLE_OBJC_ARC = YES;
				CLANG_ENABLE_OBJC_WEAK = YES;
				CLANG_WARN_BLOCK_CAPTURE_AUTORELEASING = YES;
				CLANG_WARN_BOOL_CONVERSION = YES;
				CLANG_WARN_COMMA = YES;
				CLANG_WARN_CONSTANT_CONVERSION = YES;
				CLANG_WARN_DEPRECATED_OBJC_IMPLEMENTATIONS = YES;
				CLANG_WARN_DIRECT_OBJC_ISA_USAGE = YES_ERROR;
				CLANG_WARN_DOCUMENTATION_COMMENTS = YES;
				CLANG_WARN_EMPTY_BODY = YES;
				CLANG_WARN_ENUM_CONVERSION = YES;
				CLANG_WARN_INFINITE_RECURSION = YES;
				CLANG_WARN_INT_CONVERSION = YES;
				CLANG_WARN_NON_LITERAL_NULL_CONVERSION = YES;
				CLANG_WARN_OBJC_IMPLICIT_RETAIN_SELF = YES;
				CLANG_WARN_OBJC_LITERAL_CONVERSION = YES;
				CLANG_WARN_OBJC_ROOT_CLASS = YES_ERROR;
				CLANG_WARN_QUOTED_INCLUDE_IN_FRAMEWORK_HEADER = YES;
				CLANG_WARN_RANGE_LOOP_ANALYSIS = YES;
				CLANG_WARN_STRICT_PROTOTYPES = YES;
				CLANG_WARN_SUSPICIOUS_MOVE = YES;
				CLANG_WARN_UNGUARDED_AVAILABILITY = YES_AGGRESSIVE;
				CLANG_WARN_UNREACHABLE_CODE = YES;
				CLANG_WARN__DUPLICATE_METHOD_MATCH = YES;
				COPY_PHASE_STRIP = NO;
				DEBUG_INFORMATION_FORMAT = "dwarf-with-dsym";
				ENABLE_NS_ASSERTIONS = NO;
				ENABLE_STRICT_OBJC_MSGSEND = YES;
				ENABLE_USER_SCRIPT_SANDBOXING = YES;
				GCC_C_LANGUAGE_STANDARD = gnu11;
				GCC_NO_COMMON_BLOCKS = YES;
				GCC_WARN_64_TO_32_BIT_CONVERSION = YES;
				GCC_WARN_ABOUT_RETURN_TYPE = YES_ERROR;
				GCC_WARN_UNDECLARED_SELECTOR = YES;
				GCC_WARN_UNINITIALIZED_AUTOS = YES_AGGRESSIVE;
				GCC_WARN_UNUSED_FUNCTION = YES;
				GCC_WARN_UNUSED_VARIABLE = YES;
				IPHONEOS_DEPLOYMENT_TARGET = 16.0;
				LOCALIZATION_PREFERS_STRING_CATALOGS = YES;
				MTL_ENABLE_DEBUG_INFO = NO;
				MTL_FAST_MATH = YES;
				SDKROOT = iphoneos;
				SWIFT_COMPILATION_MODE = wholemodule;
				SWIFT_EMIT_LOC_STRINGS = YES;
				SWIFT_OPTIMIZATION_LEVEL = "-O";
				VALIDATE_PRODUCT = YES;
			};
			name = Release;
		};
		67939CFA298E422900B7F059 /* Debug */ = {
			isa = XCBuildConfiguration;
			buildSettings = {
				ASSETCATALOG_COMPILER_ALTERNATE_APPICON_NAMES = "AppIconBird AppIconSwift";
				ASSETCATALOG_COMPILER_APPICON_NAME = AppIcon;
				ASSETCATALOG_COMPILER_GLOBAL_ACCENT_COLOR_NAME = AccentColor;
				ASSETCATALOG_COMPILER_INCLUDE_ALL_APPICON_ASSETS = YES;
				CODE_SIGN_STYLE = Automatic;
				CURRENT_PROJECT_VERSION = 1;
				DEVELOPMENT_ASSET_PATHS = "\"Shared SwiftUI Content/Preview Content\"";
				DEVELOPMENT_TEAM = 3PHS45582J;
				ENABLE_PREVIEWS = YES;
				GENERATE_INFOPLIST_FILE = YES;
				INFOPLIST_FILE = "Shared SwiftUI Content/Shared-SwiftUI-Content-Info.plist";
				INFOPLIST_KEY_NSCalendarsUsageDescription = "Для добавления мероприятий в календарь";
				INFOPLIST_KEY_NSCameraUsageDescription = "Для создания фото";
				INFOPLIST_KEY_UIApplicationSceneManifest_Generation = YES;
				INFOPLIST_KEY_UIApplicationSupportsIndirectInputEvents = YES;
				INFOPLIST_KEY_UILaunchScreen_Generation = YES;
				INFOPLIST_KEY_UISupportedInterfaceOrientations_iPad = "UIInterfaceOrientationPortrait UIInterfaceOrientationPortraitUpsideDown UIInterfaceOrientationLandscapeLeft UIInterfaceOrientationLandscapeRight";
				INFOPLIST_KEY_UISupportedInterfaceOrientations_iPhone = "UIInterfaceOrientationPortrait UIInterfaceOrientationLandscapeLeft UIInterfaceOrientationLandscapeRight";
				IPHONEOS_DEPLOYMENT_TARGET = 16.4;
				LD_RUNPATH_SEARCH_PATHS = (
					"$(inherited)",
					"@executable_path/Frameworks",
				);
				MARKETING_VERSION = 1.0;
				PRODUCT_BUNDLE_IDENTIFIER = "com.oleg991.Shared-SwiftUI-Content";
				PRODUCT_NAME = "$(TARGET_NAME)";
				SUPPORTED_PLATFORMS = "iphoneos iphonesimulator";
				SUPPORTS_MACCATALYST = NO;
				SUPPORTS_MAC_DESIGNED_FOR_IPHONE_IPAD = NO;
				SUPPORTS_XR_DESIGNED_FOR_IPHONE_IPAD = NO;
				SWIFT_EMIT_LOC_STRINGS = YES;
				SWIFT_VERSION = 6.0;
				TARGETED_DEVICE_FAMILY = 1;
			};
			name = Debug;
		};
		67939CFB298E422900B7F059 /* Release */ = {
			isa = XCBuildConfiguration;
			buildSettings = {
				ASSETCATALOG_COMPILER_ALTERNATE_APPICON_NAMES = "AppIconBird AppIconSwift";
				ASSETCATALOG_COMPILER_APPICON_NAME = AppIcon;
				ASSETCATALOG_COMPILER_GLOBAL_ACCENT_COLOR_NAME = AccentColor;
				ASSETCATALOG_COMPILER_INCLUDE_ALL_APPICON_ASSETS = YES;
				CODE_SIGN_STYLE = Automatic;
				CURRENT_PROJECT_VERSION = 1;
				DEVELOPMENT_ASSET_PATHS = "\"Shared SwiftUI Content/Preview Content\"";
				DEVELOPMENT_TEAM = 3PHS45582J;
				ENABLE_PREVIEWS = YES;
				GENERATE_INFOPLIST_FILE = YES;
				INFOPLIST_FILE = "Shared SwiftUI Content/Shared-SwiftUI-Content-Info.plist";
				INFOPLIST_KEY_NSCalendarsUsageDescription = "Для добавления мероприятий в календарь";
				INFOPLIST_KEY_NSCameraUsageDescription = "Для создания фото";
				INFOPLIST_KEY_UIApplicationSceneManifest_Generation = YES;
				INFOPLIST_KEY_UIApplicationSupportsIndirectInputEvents = YES;
				INFOPLIST_KEY_UILaunchScreen_Generation = YES;
				INFOPLIST_KEY_UISupportedInterfaceOrientations_iPad = "UIInterfaceOrientationPortrait UIInterfaceOrientationPortraitUpsideDown UIInterfaceOrientationLandscapeLeft UIInterfaceOrientationLandscapeRight";
				INFOPLIST_KEY_UISupportedInterfaceOrientations_iPhone = "UIInterfaceOrientationPortrait UIInterfaceOrientationLandscapeLeft UIInterfaceOrientationLandscapeRight";
				IPHONEOS_DEPLOYMENT_TARGET = 16.4;
				LD_RUNPATH_SEARCH_PATHS = (
					"$(inherited)",
					"@executable_path/Frameworks",
				);
				MARKETING_VERSION = 1.0;
				PRODUCT_BUNDLE_IDENTIFIER = "com.oleg991.Shared-SwiftUI-Content";
				PRODUCT_NAME = "$(TARGET_NAME)";
				SUPPORTED_PLATFORMS = "iphoneos iphonesimulator";
				SUPPORTS_MACCATALYST = NO;
				SUPPORTS_MAC_DESIGNED_FOR_IPHONE_IPAD = NO;
				SUPPORTS_XR_DESIGNED_FOR_IPHONE_IPAD = NO;
				SWIFT_EMIT_LOC_STRINGS = YES;
				SWIFT_VERSION = 6.0;
				TARGETED_DEVICE_FAMILY = 1;
			};
			name = Release;
		};
/* End XCBuildConfiguration section */

/* Begin XCConfigurationList section */
		67939CE6298E422700B7F059 /* Build configuration list for PBXProject "Shared SwiftUI Content" */ = {
			isa = XCConfigurationList;
			buildConfigurations = (
				67939CF7298E422900B7F059 /* Debug */,
				67939CF8298E422900B7F059 /* Release */,
			);
			defaultConfigurationIsVisible = 0;
			defaultConfigurationName = Release;
		};
		67939CF9298E422900B7F059 /* Build configuration list for PBXNativeTarget "Shared SwiftUI Content" */ = {
			isa = XCConfigurationList;
			buildConfigurations = (
				67939CFA298E422900B7F059 /* Debug */,
				67939CFB298E422900B7F059 /* Release */,
			);
			defaultConfigurationIsVisible = 0;
			defaultConfigurationName = Release;
		};
/* End XCConfigurationList section */

/* Begin XCLocalSwiftPackageReference section */
		673AA1B12CF9A19800AFA32F /* XCLocalSwiftPackageReference "DemoPackages/DeeplinkParser" */ = {
			isa = XCLocalSwiftPackageReference;
			relativePath = DemoPackages/DeeplinkParser;
		};
		6769CBE72D5E364B0060D9FF /* XCLocalSwiftPackageReference "DemoPackages/VpnChecker" */ = {
			isa = XCLocalSwiftPackageReference;
			relativePath = DemoPackages/VpnChecker;
		};
		67A9AEB92CD604BB00F10DA0 /* XCLocalSwiftPackageReference "DemoPackages/ProtocolForView" */ = {
			isa = XCLocalSwiftPackageReference;
			relativePath = DemoPackages/ProtocolForView;
		};
/* End XCLocalSwiftPackageReference section */

/* Begin XCSwiftPackageProductDependency section */
		673AA1B22CF9A19800AFA32F /* DeeplinkParser */ = {
			isa = XCSwiftPackageProductDependency;
			productName = DeeplinkParser;
		};
		6769CBE82D5E364B0060D9FF /* VpnChecker */ = {
			isa = XCSwiftPackageProductDependency;
			productName = VpnChecker;
		};
		67A9AEBA2CD604BB00F10DA0 /* PFVImplementation */ = {
			isa = XCSwiftPackageProductDependency;
			productName = PFVImplementation;
		};
		67A9AEBC2CD604BB00F10DA0 /* PFVInterface */ = {
			isa = XCSwiftPackageProductDependency;
			productName = PFVInterface;
		};
		67CD5F9F2CD8CC36001669C1 /* CustomHorizontalCollection */ = {
			isa = XCSwiftPackageProductDependency;
			productName = CustomHorizontalCollection;
		};
/* End XCSwiftPackageProductDependency section */
	};
	rootObject = 67939CE3298E422700B7F059 /* Project object */;
}
