// !$*UTF8*$!
{
	archiveVersion = 1;
	classes = {
	};
	objectVersion = 56;
	objects = {

/* Begin PBXBuildFile section */
		670098412A3D95900083A058 /* 19_StrikeThroughExample.swift in Sources */ = {isa = PBXBuildFile; fileRef = 670098402A3D95900083A058 /* 19_StrikeThroughExample.swift */; };
		6707921F2A0436DB00FCF275 /* 13_VerticalPagingView.swift in Sources */ = {isa = PBXBuildFile; fileRef = 6707921E2A0436DB00FCF275 /* 13_VerticalPagingView.swift */; };
		670792212A043BAB00FCF275 /* 15_ScrollViewOffset.swift in Sources */ = {isa = PBXBuildFile; fileRef = 670792202A043BAB00FCF275 /* 15_ScrollViewOffset.swift */; };
		670A45FA2B6E2CBA00B4DDA6 /* SkeletonModifier+Mode.swift in Sources */ = {isa = PBXBuildFile; fileRef = 670A45F52B6E2CBA00B4DDA6 /* SkeletonModifier+Mode.swift */; };
		670A45FB2B6E2CBA00B4DDA6 /* SkeletonModifier.swift in Sources */ = {isa = PBXBuildFile; fileRef = 670A45F62B6E2CBA00B4DDA6 /* SkeletonModifier.swift */; };
		670A45FC2B6E2CBA00B4DDA6 /* SkeletonModifier+NeedReloadView.swift in Sources */ = {isa = PBXBuildFile; fileRef = 670A45F72B6E2CBA00B4DDA6 /* SkeletonModifier+NeedReloadView.swift */; };
		670A45FE2B6E2CBA00B4DDA6 /* View+skeleton.swift in Sources */ = {isa = PBXBuildFile; fileRef = 670A45F92B6E2CBA00B4DDA6 /* View+skeleton.swift */; };
		670A46002B6E37FD00B4DDA6 /* SkeletonExample.swift in Sources */ = {isa = PBXBuildFile; fileRef = 670A45FF2B6E37FD00B4DDA6 /* SkeletonExample.swift */; };
		6718A61F29EC566900B24A18 /* 11_ToggleListExample.swift in Sources */ = {isa = PBXBuildFile; fileRef = 6718A61E29EC566900B24A18 /* 11_ToggleListExample.swift */; };
		671E1E032A87880F0040B818 /* 27_BindingGetSetExample.swift in Sources */ = {isa = PBXBuildFile; fileRef = 671E1E022A87880F0040B818 /* 27_BindingGetSetExample.swift */; };
		671EB8382B5285E5006D2E57 /* 49_ReadSizeExample.swift in Sources */ = {isa = PBXBuildFile; fileRef = 671EB8372B5285E5006D2E57 /* 49_ReadSizeExample.swift */; };
		672835C62B2D8992005A8175 /* 45_LoggerExample.swift in Sources */ = {isa = PBXBuildFile; fileRef = 672835C52B2D8992005A8175 /* 45_LoggerExample.swift */; };
		67329EAB2AD1713C0011D8D9 /* 35_TransitionExample.swift in Sources */ = {isa = PBXBuildFile; fileRef = 67329EAA2AD1713C0011D8D9 /* 35_TransitionExample.swift */; };
		673976FE2A751C8C008028CF /* 25_CancelTaskExample.swift in Sources */ = {isa = PBXBuildFile; fileRef = 673976FD2A751C8C008028CF /* 25_CancelTaskExample.swift */; };
		673BBCD52AE3E85800A8A825 /* 37_LoadingIndicatorModifierExample.swift in Sources */ = {isa = PBXBuildFile; fileRef = 673BBCD42AE3E85800A8A825 /* 37_LoadingIndicatorModifierExample.swift */; };
		673E900B2B1B40B400E93F8C /* NSAppViewModel.swift in Sources */ = {isa = PBXBuildFile; fileRef = 673E900A2B1B40B400E93F8C /* NSAppViewModel.swift */; };
		673E900E2B1B40FB00E93F8C /* NSRootScreen.swift in Sources */ = {isa = PBXBuildFile; fileRef = 673E900D2B1B40FB00E93F8C /* NSRootScreen.swift */; };
		673E90102B1B419300E93F8C /* NSAuthorizeScreen.swift in Sources */ = {isa = PBXBuildFile; fileRef = 673E900F2B1B419300E93F8C /* NSAuthorizeScreen.swift */; };
		673E90122B1B41B200E93F8C /* NSMainScreen.swift in Sources */ = {isa = PBXBuildFile; fileRef = 673E90112B1B41B200E93F8C /* NSMainScreen.swift */; };
		673E90142B1B41F600E93F8C /* NSProfileScreen.swift in Sources */ = {isa = PBXBuildFile; fileRef = 673E90132B1B41F600E93F8C /* NSProfileScreen.swift */; };
		673E90162B1B423800E93F8C /* NSErrorScreen.swift in Sources */ = {isa = PBXBuildFile; fileRef = 673E90152B1B423800E93F8C /* NSErrorScreen.swift */; };
		673E90182B1B428C00E93F8C /* NSBookmarksScreen.swift in Sources */ = {isa = PBXBuildFile; fileRef = 673E90172B1B428C00E93F8C /* NSBookmarksScreen.swift */; };
		673E901A2B1B42CC00E93F8C /* NSSettingsScreen.swift in Sources */ = {isa = PBXBuildFile; fileRef = 673E90192B1B42CC00E93F8C /* NSSettingsScreen.swift */; };
		673F24E52A99E74000EBF940 /* Localizable.stringsdict in Resources */ = {isa = PBXBuildFile; fileRef = 673F24E72A99E74000EBF940 /* Localizable.stringsdict */; };
		673F24EA2A99E87300EBF940 /* 29_PluralsLocalizationExample.swift in Sources */ = {isa = PBXBuildFile; fileRef = 673F24E92A99E87300EBF940 /* 29_PluralsLocalizationExample.swift */; };
		67495DE02A629CC800B20672 /* 23_HorizontalCollectionFirstExample.swift in Sources */ = {isa = PBXBuildFile; fileRef = 67495DDF2A629CC800B20672 /* 23_HorizontalCollectionFirstExample.swift */; };
		674DF0432B11F36600828016 /* NVRootScreen.swift in Sources */ = {isa = PBXBuildFile; fileRef = 674DF0422B11F36600828016 /* NVRootScreen.swift */; };
		674DF0452B11F8A800828016 /* NVAppViewModel.swift in Sources */ = {isa = PBXBuildFile; fileRef = 674DF0442B11F8A800828016 /* NVAppViewModel.swift */; };
		674DF0472B11FAAC00828016 /* NVAuthorizeScreen.swift in Sources */ = {isa = PBXBuildFile; fileRef = 674DF0462B11FAAC00828016 /* NVAuthorizeScreen.swift */; };
		674DF0492B12022D00828016 /* NVMainScreen.swift in Sources */ = {isa = PBXBuildFile; fileRef = 674DF0482B12022D00828016 /* NVMainScreen.swift */; };
		674DF04B2B1202CF00828016 /* Binding+.swift in Sources */ = {isa = PBXBuildFile; fileRef = 674DF04A2B1202CF00828016 /* Binding+.swift */; };
		674DF04D2B1202E600828016 /* NavigationLink+.swift in Sources */ = {isa = PBXBuildFile; fileRef = 674DF04C2B1202E600828016 /* NavigationLink+.swift */; };
		674DF04F2B12070A00828016 /* NVProfileScreen.swift in Sources */ = {isa = PBXBuildFile; fileRef = 674DF04E2B12070A00828016 /* NVProfileScreen.swift */; };
		674DF0522B1208FE00828016 /* NVErrorScreen.swift in Sources */ = {isa = PBXBuildFile; fileRef = 674DF0512B1208FE00828016 /* NVErrorScreen.swift */; };
		674DF0542B120A6C00828016 /* NVBookmarksScreen.swift in Sources */ = {isa = PBXBuildFile; fileRef = 674DF0532B120A6C00828016 /* NVBookmarksScreen.swift */; };
		674DF0562B120D4800828016 /* NVSettingsScreen.swift in Sources */ = {isa = PBXBuildFile; fileRef = 674DF0552B120D4800828016 /* NVSettingsScreen.swift */; };
		674E70462B246329008AE9D0 /* TVRootScreen.swift in Sources */ = {isa = PBXBuildFile; fileRef = 674E70452B246329008AE9D0 /* TVRootScreen.swift */; };
		674E70482B2464AB008AE9D0 /* TVHomeScreen.swift in Sources */ = {isa = PBXBuildFile; fileRef = 674E70472B2464AB008AE9D0 /* TVHomeScreen.swift */; };
		674E704A2B24650A008AE9D0 /* TVSettingsScreen.swift in Sources */ = {isa = PBXBuildFile; fileRef = 674E70492B24650A008AE9D0 /* TVSettingsScreen.swift */; };
		67537DC12A46C5C300BBF348 /* 1_UIKitTextViewExample.swift in Sources */ = {isa = PBXBuildFile; fileRef = 67537DC02A46C5C300BBF348 /* 1_UIKitTextViewExample.swift */; };
		67537DC32A46C66300BBF348 /* 20_ViewWithTaskExample.swift in Sources */ = {isa = PBXBuildFile; fileRef = 67537DC22A46C66300BBF348 /* 20_ViewWithTaskExample.swift */; };
		6755D2E32BC067C2002C00F5 /* 61_MatchedGeometryEffectExample.swift in Sources */ = {isa = PBXBuildFile; fileRef = 6755D2E22BC067C2002C00F5 /* 61_MatchedGeometryEffectExample.swift */; };
		67567D092B920C20009D2568 /* 56_ScrollToExample.swift in Sources */ = {isa = PBXBuildFile; fileRef = 67567D082B920C20009D2568 /* 56_ScrollToExample.swift */; };
		675C91502B76912B0088B507 /* 53_HTMLExample.swift in Sources */ = {isa = PBXBuildFile; fileRef = 675C914F2B76912B0088B507 /* 53_HTMLExample.swift */; };
		675E48602AF6295D0069FC8F /* 39_CustomHeightSheetExample.swift in Sources */ = {isa = PBXBuildFile; fileRef = 675E485F2AF6295D0069FC8F /* 39_CustomHeightSheetExample.swift */; };
		6764F6C42A07A96E00242A76 /* 14_RoundedCornerShape.swift in Sources */ = {isa = PBXBuildFile; fileRef = 6764F6C32A07A96E00242A76 /* 14_RoundedCornerShape.swift */; };
		676762552A909E0500982F32 /* 28_TabViewFilledIconExample.swift in Sources */ = {isa = PBXBuildFile; fileRef = 676762542A909E0500982F32 /* 28_TabViewFilledIconExample.swift */; };
		677022242A21ECDA00BAB4C5 /* 16_OverlayPreferenceKeyExample.swift in Sources */ = {isa = PBXBuildFile; fileRef = 677022232A21ECDA00BAB4C5 /* 16_OverlayPreferenceKeyExample.swift */; };
		677AE90D2B40074300A2DBA7 /* 47_ShadowExample.swift in Sources */ = {isa = PBXBuildFile; fileRef = 677AE90C2B40074300A2DBA7 /* 47_ShadowExample.swift */; };
		677B0B032A503C4000562A63 /* 21_FillVSForegroundColorExample.swift in Sources */ = {isa = PBXBuildFile; fileRef = 677B0B022A503C4000562A63 /* 21_FillVSForegroundColorExample.swift */; };
		678217932AA4807B00FA8A96 /* 30_PrintChangesExample.swift in Sources */ = {isa = PBXBuildFile; fileRef = 678217922AA4807B00FA8A96 /* 30_PrintChangesExample.swift */; };
		678F21A22AFB8454009F6CFC /* 10_LazyVGridExample.swift in Sources */ = {isa = PBXBuildFile; fileRef = 678F21A12AFB8454009F6CFC /* 10_LazyVGridExample.swift */; };
		678F21A42AFB85A5009F6CFC /* 9_ColorThemeService.swift in Sources */ = {isa = PBXBuildFile; fileRef = 678F21A32AFB85A5009F6CFC /* 9_ColorThemeService.swift */; };
		678F21A62AFB864D009F6CFC /* 8_PickImageExample.swift in Sources */ = {isa = PBXBuildFile; fileRef = 678F21A52AFB864D009F6CFC /* 8_PickImageExample.swift */; };
		678F21A82AFB8822009F6CFC /* 7_SafariVCExample.swift in Sources */ = {isa = PBXBuildFile; fileRef = 678F21A72AFB8822009F6CFC /* 7_SafariVCExample.swift */; };
		678F21AA2AFB89DE009F6CFC /* 5_TextWithLinkExample.swift in Sources */ = {isa = PBXBuildFile; fileRef = 678F21A92AFB89DE009F6CFC /* 5_TextWithLinkExample.swift */; };
		678F21AC2AFD0745009F6CFC /* 40_ZoomableViewExample.swift in Sources */ = {isa = PBXBuildFile; fileRef = 678F21AB2AFD0745009F6CFC /* 40_ZoomableViewExample.swift */; };
		67939CEF298E422700B7F059 /* Shared_SwiftUI_ContentApp.swift in Sources */ = {isa = PBXBuildFile; fileRef = 67939CEE298E422700B7F059 /* Shared_SwiftUI_ContentApp.swift */; };
		67939CF3298E422900B7F059 /* Assets.xcassets in Resources */ = {isa = PBXBuildFile; fileRef = 67939CF2298E422900B7F059 /* Assets.xcassets */; };
		67939CF6298E422900B7F059 /* Preview Assets.xcassets in Resources */ = {isa = PBXBuildFile; fileRef = 67939CF5298E422900B7F059 /* Preview Assets.xcassets */; };
		67939CFD298E425A00B7F059 /* 3_CustomSecureFieldExample.swift in Sources */ = {isa = PBXBuildFile; fileRef = 67939CFC298E425A00B7F059 /* 3_CustomSecureFieldExample.swift */; };
		67939D01298E484400B7F059 /* 4_UIKitViewDidAppear.swift in Sources */ = {isa = PBXBuildFile; fileRef = 67939D00298E484400B7F059 /* 4_UIKitViewDidAppear.swift */; };
		679846552A5969C000EC6EBA /* 22_ProgressBarExample.swift in Sources */ = {isa = PBXBuildFile; fileRef = 679846542A5969C000EC6EBA /* 22_ProgressBarExample.swift */; };
		67A5D7182B498A9800F59B98 /* 48_BlurExample.swift in Sources */ = {isa = PBXBuildFile; fileRef = 67A5D7172B498A9800F59B98 /* 48_BlurExample.swift */; };
		67A6197A2A7E221B00301808 /* 26_TextEditorPlaceholderExample.swift in Sources */ = {isa = PBXBuildFile; fileRef = 67A619792A7E221B00301808 /* 26_TextEditorPlaceholderExample.swift */; };
		67A91A742A362BFA005C245D /* 18_MultipleSheetsView.swift in Sources */ = {isa = PBXBuildFile; fileRef = 67A91A732A362BFA005C245D /* 18_MultipleSheetsView.swift */; };
		67AEE6A82B5BD01E0011A562 /* OnboardingExample.swift in Sources */ = {isa = PBXBuildFile; fileRef = 67AEE6A72B5BD01E0011A562 /* OnboardingExample.swift */; };
		67AEE6B22B5BD0410011A562 /* SUIOnboarding+ItemModel.swift in Sources */ = {isa = PBXBuildFile; fileRef = 67AEE6AA2B5BD0410011A562 /* SUIOnboarding+ItemModel.swift */; };
		67AEE6B42B5BD0410011A562 /* SUIOnboarding+MaskFramePreferenceKey.swift in Sources */ = {isa = PBXBuildFile; fileRef = 67AEE6AC2B5BD0410011A562 /* SUIOnboarding+MaskFramePreferenceKey.swift */; };
		67AEE6B52B5BD0410011A562 /* SUIOnboarding+TooltipModel.swift in Sources */ = {isa = PBXBuildFile; fileRef = 67AEE6AD2B5BD0410011A562 /* SUIOnboarding+TooltipModel.swift */; };
		67AEE6B62B5BD0410011A562 /* SUIOnboarding+TooltipView.swift in Sources */ = {isa = PBXBuildFile; fileRef = 67AEE6AE2B5BD0410011A562 /* SUIOnboarding+TooltipView.swift */; };
		67AEE6B72B5BD0410011A562 /* SUIOnboarding+OverlayViewModifier.swift in Sources */ = {isa = PBXBuildFile; fileRef = 67AEE6AF2B5BD0410011A562 /* SUIOnboarding+OverlayViewModifier.swift */; };
		67AEE6B82B5BD0410011A562 /* SUIOnboarding+TooltipViewModifier.swift in Sources */ = {isa = PBXBuildFile; fileRef = 67AEE6B02B5BD0410011A562 /* SUIOnboarding+TooltipViewModifier.swift */; };
		67AEE6B92B5BD0410011A562 /* SUIOnboarding+TooltipShape.swift in Sources */ = {isa = PBXBuildFile; fileRef = 67AEE6B12B5BD0410011A562 /* SUIOnboarding+TooltipShape.swift */; };
		67B0164A2A6BACF000A55D40 /* 24_SwitchCaseAnimationExample.swift in Sources */ = {isa = PBXBuildFile; fileRef = 67B016492A6BACF000A55D40 /* 24_SwitchCaseAnimationExample.swift */; };
		67B3E74729EA954900FD7B6F /* BorderVsStrokeBorder.swift in Sources */ = {isa = PBXBuildFile; fileRef = 67B3E74629EA954900FD7B6F /* BorderVsStrokeBorder.swift */; };
		67B5BF6C2BA57CFA0034D93C /* 58_BackgroundTaskExample.swift in Sources */ = {isa = PBXBuildFile; fileRef = 67B5BF6B2BA57CFA0034D93C /* 58_BackgroundTaskExample.swift */; };
		67CEB8D72A2B218D00F6117F /* 17_DisableUserInteractionExample.swift in Sources */ = {isa = PBXBuildFile; fileRef = 67CEB8D62A2B218D00F6117F /* 17_DisableUserInteractionExample.swift */; };
		67D259E02B02A3CD00B7FE27 /* 41_ToastViewExample.swift in Sources */ = {isa = PBXBuildFile; fileRef = 67D259DF2B02A3CD00B7FE27 /* 41_ToastViewExample.swift */; };
		67DADFC92BB7F1FB009E3F21 /* 60_EquatableExample.swift in Sources */ = {isa = PBXBuildFile; fileRef = 67DADFC82BB7F1FB009E3F21 /* 60_EquatableExample.swift */; };
		67DEDCEE29FD0F9A00D46277 /* 12_SafeAreaExample.swift in Sources */ = {isa = PBXBuildFile; fileRef = 67DEDCED29FD0F9A00D46277 /* 12_SafeAreaExample.swift */; };
		67E875142B9C4427009D0923 /* 57_MaskedFieldExample.swift in Sources */ = {isa = PBXBuildFile; fileRef = 67E875132B9C4427009D0923 /* 57_MaskedFieldExample.swift */; };
		67EA14922AACC15E00CC8057 /* 31_BackButtonTitleExample.swift in Sources */ = {isa = PBXBuildFile; fileRef = 67EA14912AACC15E00CC8057 /* 31_BackButtonTitleExample.swift */; };
		67EC69FA2ADAA81B0087496D /* 36_ThirdPartyDeeplinkExample.swift in Sources */ = {isa = PBXBuildFile; fileRef = 67EC69F92ADAA81B0087496D /* 36_ThirdPartyDeeplinkExample.swift */; };
		67ECEA3E2BC9B73C0077917E /* 62_DrawingAndCompositingGroupExample.swift in Sources */ = {isa = PBXBuildFile; fileRef = 67ECEA3D2BC9B73C0077917E /* 62_DrawingAndCompositingGroupExample.swift */; };
		67FCEB762B7A938C003DFDB5 /* 54_UIKitPreviewExample.swift in Sources */ = {isa = PBXBuildFile; fileRef = 67FCEB752B7A938C003DFDB5 /* 54_UIKitPreviewExample.swift */; };
/* End PBXBuildFile section */

/* Begin PBXFileReference section */
		670098402A3D95900083A058 /* 19_StrikeThroughExample.swift */ = {isa = PBXFileReference; lastKnownFileType = sourcecode.swift; path = 19_StrikeThroughExample.swift; sourceTree = "<group>"; };
		6707921E2A0436DB00FCF275 /* 13_VerticalPagingView.swift */ = {isa = PBXFileReference; lastKnownFileType = sourcecode.swift; path = 13_VerticalPagingView.swift; sourceTree = "<group>"; };
		670792202A043BAB00FCF275 /* 15_ScrollViewOffset.swift */ = {isa = PBXFileReference; lastKnownFileType = sourcecode.swift; path = 15_ScrollViewOffset.swift; sourceTree = "<group>"; };
		670A45F52B6E2CBA00B4DDA6 /* SkeletonModifier+Mode.swift */ = {isa = PBXFileReference; fileEncoding = 4; lastKnownFileType = sourcecode.swift; path = "SkeletonModifier+Mode.swift"; sourceTree = "<group>"; };
		670A45F62B6E2CBA00B4DDA6 /* SkeletonModifier.swift */ = {isa = PBXFileReference; fileEncoding = 4; lastKnownFileType = sourcecode.swift; path = SkeletonModifier.swift; sourceTree = "<group>"; };
		670A45F72B6E2CBA00B4DDA6 /* SkeletonModifier+NeedReloadView.swift */ = {isa = PBXFileReference; fileEncoding = 4; lastKnownFileType = sourcecode.swift; path = "SkeletonModifier+NeedReloadView.swift"; sourceTree = "<group>"; };
		670A45F92B6E2CBA00B4DDA6 /* View+skeleton.swift */ = {isa = PBXFileReference; fileEncoding = 4; lastKnownFileType = sourcecode.swift; path = "View+skeleton.swift"; sourceTree = "<group>"; };
		670A45FF2B6E37FD00B4DDA6 /* SkeletonExample.swift */ = {isa = PBXFileReference; lastKnownFileType = sourcecode.swift; path = SkeletonExample.swift; sourceTree = "<group>"; };
		6718A61E29EC566900B24A18 /* 11_ToggleListExample.swift */ = {isa = PBXFileReference; lastKnownFileType = sourcecode.swift; path = 11_ToggleListExample.swift; sourceTree = "<group>"; };
		671E1E022A87880F0040B818 /* 27_BindingGetSetExample.swift */ = {isa = PBXFileReference; lastKnownFileType = sourcecode.swift; path = 27_BindingGetSetExample.swift; sourceTree = "<group>"; };
		671EB8372B5285E5006D2E57 /* 49_ReadSizeExample.swift */ = {isa = PBXFileReference; lastKnownFileType = sourcecode.swift; path = 49_ReadSizeExample.swift; sourceTree = "<group>"; };
		672835C52B2D8992005A8175 /* 45_LoggerExample.swift */ = {isa = PBXFileReference; lastKnownFileType = sourcecode.swift; path = 45_LoggerExample.swift; sourceTree = "<group>"; };
		67329EAA2AD1713C0011D8D9 /* 35_TransitionExample.swift */ = {isa = PBXFileReference; lastKnownFileType = sourcecode.swift; path = 35_TransitionExample.swift; sourceTree = "<group>"; };
		673976FD2A751C8C008028CF /* 25_CancelTaskExample.swift */ = {isa = PBXFileReference; lastKnownFileType = sourcecode.swift; path = 25_CancelTaskExample.swift; sourceTree = "<group>"; };
		673BBCD42AE3E85800A8A825 /* 37_LoadingIndicatorModifierExample.swift */ = {isa = PBXFileReference; lastKnownFileType = sourcecode.swift; path = 37_LoadingIndicatorModifierExample.swift; sourceTree = "<group>"; };
		673E900A2B1B40B400E93F8C /* NSAppViewModel.swift */ = {isa = PBXFileReference; lastKnownFileType = sourcecode.swift; path = NSAppViewModel.swift; sourceTree = "<group>"; };
		673E900D2B1B40FB00E93F8C /* NSRootScreen.swift */ = {isa = PBXFileReference; lastKnownFileType = sourcecode.swift; path = NSRootScreen.swift; sourceTree = "<group>"; };
		673E900F2B1B419300E93F8C /* NSAuthorizeScreen.swift */ = {isa = PBXFileReference; lastKnownFileType = sourcecode.swift; path = NSAuthorizeScreen.swift; sourceTree = "<group>"; };
		673E90112B1B41B200E93F8C /* NSMainScreen.swift */ = {isa = PBXFileReference; lastKnownFileType = sourcecode.swift; path = NSMainScreen.swift; sourceTree = "<group>"; };
		673E90132B1B41F600E93F8C /* NSProfileScreen.swift */ = {isa = PBXFileReference; lastKnownFileType = sourcecode.swift; path = NSProfileScreen.swift; sourceTree = "<group>"; };
		673E90152B1B423800E93F8C /* NSErrorScreen.swift */ = {isa = PBXFileReference; lastKnownFileType = sourcecode.swift; path = NSErrorScreen.swift; sourceTree = "<group>"; };
		673E90172B1B428C00E93F8C /* NSBookmarksScreen.swift */ = {isa = PBXFileReference; lastKnownFileType = sourcecode.swift; path = NSBookmarksScreen.swift; sourceTree = "<group>"; };
		673E90192B1B42CC00E93F8C /* NSSettingsScreen.swift */ = {isa = PBXFileReference; lastKnownFileType = sourcecode.swift; path = NSSettingsScreen.swift; sourceTree = "<group>"; };
		673F24E62A99E74000EBF940 /* en */ = {isa = PBXFileReference; lastKnownFileType = text.plist.stringsdict; name = en; path = en.lproj/Localizable.stringsdict; sourceTree = "<group>"; };
		673F24E82A99E75700EBF940 /* ru */ = {isa = PBXFileReference; lastKnownFileType = text.plist.stringsdict; name = ru; path = ru.lproj/Localizable.stringsdict; sourceTree = "<group>"; };
		673F24E92A99E87300EBF940 /* 29_PluralsLocalizationExample.swift */ = {isa = PBXFileReference; lastKnownFileType = sourcecode.swift; path = 29_PluralsLocalizationExample.swift; sourceTree = "<group>"; };
		67495DDF2A629CC800B20672 /* 23_HorizontalCollectionFirstExample.swift */ = {isa = PBXFileReference; lastKnownFileType = sourcecode.swift; path = 23_HorizontalCollectionFirstExample.swift; sourceTree = "<group>"; };
		674DF0422B11F36600828016 /* NVRootScreen.swift */ = {isa = PBXFileReference; lastKnownFileType = sourcecode.swift; path = NVRootScreen.swift; sourceTree = "<group>"; };
		674DF0442B11F8A800828016 /* NVAppViewModel.swift */ = {isa = PBXFileReference; lastKnownFileType = sourcecode.swift; path = NVAppViewModel.swift; sourceTree = "<group>"; };
		674DF0462B11FAAC00828016 /* NVAuthorizeScreen.swift */ = {isa = PBXFileReference; lastKnownFileType = sourcecode.swift; path = NVAuthorizeScreen.swift; sourceTree = "<group>"; };
		674DF0482B12022D00828016 /* NVMainScreen.swift */ = {isa = PBXFileReference; lastKnownFileType = sourcecode.swift; path = NVMainScreen.swift; sourceTree = "<group>"; };
		674DF04A2B1202CF00828016 /* Binding+.swift */ = {isa = PBXFileReference; lastKnownFileType = sourcecode.swift; path = "Binding+.swift"; sourceTree = "<group>"; };
		674DF04C2B1202E600828016 /* NavigationLink+.swift */ = {isa = PBXFileReference; lastKnownFileType = sourcecode.swift; path = "NavigationLink+.swift"; sourceTree = "<group>"; };
		674DF04E2B12070A00828016 /* NVProfileScreen.swift */ = {isa = PBXFileReference; lastKnownFileType = sourcecode.swift; path = NVProfileScreen.swift; sourceTree = "<group>"; };
		674DF0512B1208FE00828016 /* NVErrorScreen.swift */ = {isa = PBXFileReference; lastKnownFileType = sourcecode.swift; path = NVErrorScreen.swift; sourceTree = "<group>"; };
		674DF0532B120A6C00828016 /* NVBookmarksScreen.swift */ = {isa = PBXFileReference; lastKnownFileType = sourcecode.swift; path = NVBookmarksScreen.swift; sourceTree = "<group>"; };
		674DF0552B120D4800828016 /* NVSettingsScreen.swift */ = {isa = PBXFileReference; lastKnownFileType = sourcecode.swift; path = NVSettingsScreen.swift; sourceTree = "<group>"; };
		674E70452B246329008AE9D0 /* TVRootScreen.swift */ = {isa = PBXFileReference; lastKnownFileType = sourcecode.swift; path = TVRootScreen.swift; sourceTree = "<group>"; };
		674E70472B2464AB008AE9D0 /* TVHomeScreen.swift */ = {isa = PBXFileReference; lastKnownFileType = sourcecode.swift; path = TVHomeScreen.swift; sourceTree = "<group>"; };
		674E70492B24650A008AE9D0 /* TVSettingsScreen.swift */ = {isa = PBXFileReference; lastKnownFileType = sourcecode.swift; path = TVSettingsScreen.swift; sourceTree = "<group>"; };
		67537DC02A46C5C300BBF348 /* 1_UIKitTextViewExample.swift */ = {isa = PBXFileReference; lastKnownFileType = sourcecode.swift; path = 1_UIKitTextViewExample.swift; sourceTree = "<group>"; };
		67537DC22A46C66300BBF348 /* 20_ViewWithTaskExample.swift */ = {isa = PBXFileReference; lastKnownFileType = sourcecode.swift; path = 20_ViewWithTaskExample.swift; sourceTree = "<group>"; };
		6755D2E22BC067C2002C00F5 /* 61_MatchedGeometryEffectExample.swift */ = {isa = PBXFileReference; lastKnownFileType = sourcecode.swift; path = 61_MatchedGeometryEffectExample.swift; sourceTree = "<group>"; };
		67567D082B920C20009D2568 /* 56_ScrollToExample.swift */ = {isa = PBXFileReference; lastKnownFileType = sourcecode.swift; path = 56_ScrollToExample.swift; sourceTree = "<group>"; };
		675C914F2B76912B0088B507 /* 53_HTMLExample.swift */ = {isa = PBXFileReference; fileEncoding = 4; lastKnownFileType = sourcecode.swift; path = 53_HTMLExample.swift; sourceTree = "<group>"; };
		675E485F2AF6295D0069FC8F /* 39_CustomHeightSheetExample.swift */ = {isa = PBXFileReference; lastKnownFileType = sourcecode.swift; path = 39_CustomHeightSheetExample.swift; sourceTree = "<group>"; };
		6764F6C32A07A96E00242A76 /* 14_RoundedCornerShape.swift */ = {isa = PBXFileReference; lastKnownFileType = sourcecode.swift; path = 14_RoundedCornerShape.swift; sourceTree = "<group>"; };
		676762542A909E0500982F32 /* 28_TabViewFilledIconExample.swift */ = {isa = PBXFileReference; lastKnownFileType = sourcecode.swift; path = 28_TabViewFilledIconExample.swift; sourceTree = "<group>"; };
		677022232A21ECDA00BAB4C5 /* 16_OverlayPreferenceKeyExample.swift */ = {isa = PBXFileReference; lastKnownFileType = sourcecode.swift; path = 16_OverlayPreferenceKeyExample.swift; sourceTree = "<group>"; };
		677AE90C2B40074300A2DBA7 /* 47_ShadowExample.swift */ = {isa = PBXFileReference; lastKnownFileType = sourcecode.swift; path = 47_ShadowExample.swift; sourceTree = "<group>"; };
		677B0B022A503C4000562A63 /* 21_FillVSForegroundColorExample.swift */ = {isa = PBXFileReference; lastKnownFileType = sourcecode.swift; path = 21_FillVSForegroundColorExample.swift; sourceTree = "<group>"; };
		678217922AA4807B00FA8A96 /* 30_PrintChangesExample.swift */ = {isa = PBXFileReference; lastKnownFileType = sourcecode.swift; path = 30_PrintChangesExample.swift; sourceTree = "<group>"; };
		678F21A12AFB8454009F6CFC /* 10_LazyVGridExample.swift */ = {isa = PBXFileReference; lastKnownFileType = sourcecode.swift; path = 10_LazyVGridExample.swift; sourceTree = "<group>"; };
		678F21A32AFB85A5009F6CFC /* 9_ColorThemeService.swift */ = {isa = PBXFileReference; lastKnownFileType = sourcecode.swift; path = 9_ColorThemeService.swift; sourceTree = "<group>"; };
		678F21A52AFB864D009F6CFC /* 8_PickImageExample.swift */ = {isa = PBXFileReference; lastKnownFileType = sourcecode.swift; path = 8_PickImageExample.swift; sourceTree = "<group>"; };
		678F21A72AFB8822009F6CFC /* 7_SafariVCExample.swift */ = {isa = PBXFileReference; lastKnownFileType = sourcecode.swift; path = 7_SafariVCExample.swift; sourceTree = "<group>"; };
		678F21A92AFB89DE009F6CFC /* 5_TextWithLinkExample.swift */ = {isa = PBXFileReference; lastKnownFileType = sourcecode.swift; path = 5_TextWithLinkExample.swift; sourceTree = "<group>"; };
		678F21AB2AFD0745009F6CFC /* 40_ZoomableViewExample.swift */ = {isa = PBXFileReference; fileEncoding = 4; lastKnownFileType = sourcecode.swift; path = 40_ZoomableViewExample.swift; sourceTree = "<group>"; };
		67939CEB298E422700B7F059 /* Shared SwiftUI Content.app */ = {isa = PBXFileReference; explicitFileType = wrapper.application; includeInIndex = 0; path = "Shared SwiftUI Content.app"; sourceTree = BUILT_PRODUCTS_DIR; };
		67939CEE298E422700B7F059 /* Shared_SwiftUI_ContentApp.swift */ = {isa = PBXFileReference; lastKnownFileType = sourcecode.swift; path = Shared_SwiftUI_ContentApp.swift; sourceTree = "<group>"; };
		67939CF2298E422900B7F059 /* Assets.xcassets */ = {isa = PBXFileReference; lastKnownFileType = folder.assetcatalog; path = Assets.xcassets; sourceTree = "<group>"; };
		67939CF5298E422900B7F059 /* Preview Assets.xcassets */ = {isa = PBXFileReference; lastKnownFileType = folder.assetcatalog; path = "Preview Assets.xcassets"; sourceTree = "<group>"; };
		67939CFC298E425A00B7F059 /* 3_CustomSecureFieldExample.swift */ = {isa = PBXFileReference; lastKnownFileType = sourcecode.swift; path = 3_CustomSecureFieldExample.swift; sourceTree = "<group>"; };
		67939D00298E484400B7F059 /* 4_UIKitViewDidAppear.swift */ = {isa = PBXFileReference; lastKnownFileType = sourcecode.swift; path = 4_UIKitViewDidAppear.swift; sourceTree = "<group>"; };
		67939D02298E4A9100B7F059 /* Shared-SwiftUI-Content-Info.plist */ = {isa = PBXFileReference; lastKnownFileType = text.plist; path = "Shared-SwiftUI-Content-Info.plist"; sourceTree = SOURCE_ROOT; };
		679846542A5969C000EC6EBA /* 22_ProgressBarExample.swift */ = {isa = PBXFileReference; lastKnownFileType = sourcecode.swift; path = 22_ProgressBarExample.swift; sourceTree = "<group>"; };
		67A5D7172B498A9800F59B98 /* 48_BlurExample.swift */ = {isa = PBXFileReference; lastKnownFileType = sourcecode.swift; path = 48_BlurExample.swift; sourceTree = "<group>"; };
		67A619792A7E221B00301808 /* 26_TextEditorPlaceholderExample.swift */ = {isa = PBXFileReference; lastKnownFileType = sourcecode.swift; path = 26_TextEditorPlaceholderExample.swift; sourceTree = "<group>"; };
		67A91A732A362BFA005C245D /* 18_MultipleSheetsView.swift */ = {isa = PBXFileReference; lastKnownFileType = sourcecode.swift; path = 18_MultipleSheetsView.swift; sourceTree = "<group>"; };
		67AEE6A72B5BD01E0011A562 /* OnboardingExample.swift */ = {isa = PBXFileReference; fileEncoding = 4; lastKnownFileType = sourcecode.swift; path = OnboardingExample.swift; sourceTree = "<group>"; };
		67AEE6AA2B5BD0410011A562 /* SUIOnboarding+ItemModel.swift */ = {isa = PBXFileReference; fileEncoding = 4; lastKnownFileType = sourcecode.swift; path = "SUIOnboarding+ItemModel.swift"; sourceTree = "<group>"; };
		67AEE6AC2B5BD0410011A562 /* SUIOnboarding+MaskFramePreferenceKey.swift */ = {isa = PBXFileReference; fileEncoding = 4; lastKnownFileType = sourcecode.swift; path = "SUIOnboarding+MaskFramePreferenceKey.swift"; sourceTree = "<group>"; };
		67AEE6AD2B5BD0410011A562 /* SUIOnboarding+TooltipModel.swift */ = {isa = PBXFileReference; fileEncoding = 4; lastKnownFileType = sourcecode.swift; path = "SUIOnboarding+TooltipModel.swift"; sourceTree = "<group>"; };
		67AEE6AE2B5BD0410011A562 /* SUIOnboarding+TooltipView.swift */ = {isa = PBXFileReference; fileEncoding = 4; lastKnownFileType = sourcecode.swift; path = "SUIOnboarding+TooltipView.swift"; sourceTree = "<group>"; };
		67AEE6AF2B5BD0410011A562 /* SUIOnboarding+OverlayViewModifier.swift */ = {isa = PBXFileReference; fileEncoding = 4; lastKnownFileType = sourcecode.swift; path = "SUIOnboarding+OverlayViewModifier.swift"; sourceTree = "<group>"; };
		67AEE6B02B5BD0410011A562 /* SUIOnboarding+TooltipViewModifier.swift */ = {isa = PBXFileReference; fileEncoding = 4; lastKnownFileType = sourcecode.swift; path = "SUIOnboarding+TooltipViewModifier.swift"; sourceTree = "<group>"; };
		67AEE6B12B5BD0410011A562 /* SUIOnboarding+TooltipShape.swift */ = {isa = PBXFileReference; fileEncoding = 4; lastKnownFileType = sourcecode.swift; path = "SUIOnboarding+TooltipShape.swift"; sourceTree = "<group>"; };
		67B016492A6BACF000A55D40 /* 24_SwitchCaseAnimationExample.swift */ = {isa = PBXFileReference; lastKnownFileType = sourcecode.swift; path = 24_SwitchCaseAnimationExample.swift; sourceTree = "<group>"; };
		67B3E74629EA954900FD7B6F /* BorderVsStrokeBorder.swift */ = {isa = PBXFileReference; lastKnownFileType = sourcecode.swift; path = BorderVsStrokeBorder.swift; sourceTree = "<group>"; };
		67B5BF6B2BA57CFA0034D93C /* 58_BackgroundTaskExample.swift */ = {isa = PBXFileReference; lastKnownFileType = sourcecode.swift; path = 58_BackgroundTaskExample.swift; sourceTree = "<group>"; };
		67CEB8D62A2B218D00F6117F /* 17_DisableUserInteractionExample.swift */ = {isa = PBXFileReference; lastKnownFileType = sourcecode.swift; path = 17_DisableUserInteractionExample.swift; sourceTree = "<group>"; };
		67D259DF2B02A3CD00B7FE27 /* 41_ToastViewExample.swift */ = {isa = PBXFileReference; lastKnownFileType = sourcecode.swift; path = 41_ToastViewExample.swift; sourceTree = "<group>"; };
		67DADFC82BB7F1FB009E3F21 /* 60_EquatableExample.swift */ = {isa = PBXFileReference; lastKnownFileType = sourcecode.swift; path = 60_EquatableExample.swift; sourceTree = "<group>"; };
		67DEDCED29FD0F9A00D46277 /* 12_SafeAreaExample.swift */ = {isa = PBXFileReference; lastKnownFileType = sourcecode.swift; path = 12_SafeAreaExample.swift; sourceTree = "<group>"; };
		67E875132B9C4427009D0923 /* 57_MaskedFieldExample.swift */ = {isa = PBXFileReference; fileEncoding = 4; lastKnownFileType = sourcecode.swift; path = 57_MaskedFieldExample.swift; sourceTree = "<group>"; };
		67EA14912AACC15E00CC8057 /* 31_BackButtonTitleExample.swift */ = {isa = PBXFileReference; lastKnownFileType = sourcecode.swift; path = 31_BackButtonTitleExample.swift; sourceTree = "<group>"; };
		67EC69F92ADAA81B0087496D /* 36_ThirdPartyDeeplinkExample.swift */ = {isa = PBXFileReference; lastKnownFileType = sourcecode.swift; path = 36_ThirdPartyDeeplinkExample.swift; sourceTree = "<group>"; };
		67ECEA3D2BC9B73C0077917E /* 62_DrawingAndCompositingGroupExample.swift */ = {isa = PBXFileReference; lastKnownFileType = sourcecode.swift; path = 62_DrawingAndCompositingGroupExample.swift; sourceTree = "<group>"; };
		67FCEB752B7A938C003DFDB5 /* 54_UIKitPreviewExample.swift */ = {isa = PBXFileReference; lastKnownFileType = sourcecode.swift; path = 54_UIKitPreviewExample.swift; sourceTree = "<group>"; };
/* End PBXFileReference section */

/* Begin PBXFrameworksBuildPhase section */
		67939CE8298E422700B7F059 /* Frameworks */ = {
			isa = PBXFrameworksBuildPhase;
			buildActionMask = 2147483647;
			files = (
			);
			runOnlyForDeploymentPostprocessing = 0;
		};
/* End PBXFrameworksBuildPhase section */

/* Begin PBXGroup section */
		670A45F42B6E2CA400B4DDA6 /* 52_SkeletonExample */ = {
			isa = PBXGroup;
			children = (
				670A45F62B6E2CBA00B4DDA6 /* SkeletonModifier.swift */,
				670A45F52B6E2CBA00B4DDA6 /* SkeletonModifier+Mode.swift */,
				670A45F72B6E2CBA00B4DDA6 /* SkeletonModifier+NeedReloadView.swift */,
				670A45F92B6E2CBA00B4DDA6 /* View+skeleton.swift */,
				670A45FF2B6E37FD00B4DDA6 /* SkeletonExample.swift */,
			);
			path = 52_SkeletonExample;
			sourceTree = "<group>";
		};
		673E90092B1B408200E93F8C /* 43_NavigationExample_2 */ = {
			isa = PBXGroup;
			children = (
				673E900C2B1B40F000E93F8C /* Screens */,
				673E900A2B1B40B400E93F8C /* NSAppViewModel.swift */,
			);
			path = 43_NavigationExample_2;
			sourceTree = "<group>";
		};
		673E900C2B1B40F000E93F8C /* Screens */ = {
			isa = PBXGroup;
			children = (
				673E900D2B1B40FB00E93F8C /* NSRootScreen.swift */,
				673E900F2B1B419300E93F8C /* NSAuthorizeScreen.swift */,
				673E90112B1B41B200E93F8C /* NSMainScreen.swift */,
				673E90132B1B41F600E93F8C /* NSProfileScreen.swift */,
				673E90152B1B423800E93F8C /* NSErrorScreen.swift */,
				673E90172B1B428C00E93F8C /* NSBookmarksScreen.swift */,
				673E90192B1B42CC00E93F8C /* NSSettingsScreen.swift */,
			);
			path = Screens;
			sourceTree = "<group>";
		};
		673F24EB2A99F0AB00EBF940 /* Localization */ = {
			isa = PBXGroup;
			children = (
				673F24E72A99E74000EBF940 /* Localizable.stringsdict */,
			);
			path = Localization;
			sourceTree = "<group>";
		};
		674DF0412B11EEDB00828016 /* 42_NavigationExample_1 */ = {
			isa = PBXGroup;
			children = (
				674DF0572B121DCE00828016 /* Screens */,
				674DF0502B12071300828016 /* Extensions */,
				674DF0442B11F8A800828016 /* NVAppViewModel.swift */,
			);
			path = 42_NavigationExample_1;
			sourceTree = "<group>";
		};
		674DF0502B12071300828016 /* Extensions */ = {
			isa = PBXGroup;
			children = (
				674DF04A2B1202CF00828016 /* Binding+.swift */,
				674DF04C2B1202E600828016 /* NavigationLink+.swift */,
			);
			path = Extensions;
			sourceTree = "<group>";
		};
		674DF0572B121DCE00828016 /* Screens */ = {
			isa = PBXGroup;
			children = (
				674DF0422B11F36600828016 /* NVRootScreen.swift */,
				674DF0462B11FAAC00828016 /* NVAuthorizeScreen.swift */,
				674DF0482B12022D00828016 /* NVMainScreen.swift */,
				674DF04E2B12070A00828016 /* NVProfileScreen.swift */,
				674DF0512B1208FE00828016 /* NVErrorScreen.swift */,
				674DF0532B120A6C00828016 /* NVBookmarksScreen.swift */,
				674DF0552B120D4800828016 /* NVSettingsScreen.swift */,
			);
			path = Screens;
			sourceTree = "<group>";
		};
		674E70442B2462EB008AE9D0 /* 44_NavigationExample_3 */ = {
			isa = PBXGroup;
			children = (
				674E70452B246329008AE9D0 /* TVRootScreen.swift */,
				674E70472B2464AB008AE9D0 /* TVHomeScreen.swift */,
				674E70492B24650A008AE9D0 /* TVSettingsScreen.swift */,
			);
			path = 44_NavigationExample_3;
			sourceTree = "<group>";
		};
		67939CE2298E422700B7F059 = {
			isa = PBXGroup;
			children = (
				67939CED298E422700B7F059 /* Shared SwiftUI Content */,
				67939CEC298E422700B7F059 /* Products */,
			);
			sourceTree = "<group>";
		};
		67939CEC298E422700B7F059 /* Products */ = {
			isa = PBXGroup;
			children = (
				67939CEB298E422700B7F059 /* Shared SwiftUI Content.app */,
			);
			name = Products;
			sourceTree = "<group>";
		};
		67939CED298E422700B7F059 /* Shared SwiftUI Content */ = {
			isa = PBXGroup;
			children = (
				67537DC02A46C5C300BBF348 /* 1_UIKitTextViewExample.swift */,
				67939CFC298E425A00B7F059 /* 3_CustomSecureFieldExample.swift */,
				67939D00298E484400B7F059 /* 4_UIKitViewDidAppear.swift */,
				678F21A92AFB89DE009F6CFC /* 5_TextWithLinkExample.swift */,
				678F21A72AFB8822009F6CFC /* 7_SafariVCExample.swift */,
				678F21A52AFB864D009F6CFC /* 8_PickImageExample.swift */,
				678F21A32AFB85A5009F6CFC /* 9_ColorThemeService.swift */,
				678F21A12AFB8454009F6CFC /* 10_LazyVGridExample.swift */,
				6718A61E29EC566900B24A18 /* 11_ToggleListExample.swift */,
				67DEDCED29FD0F9A00D46277 /* 12_SafeAreaExample.swift */,
				6707921E2A0436DB00FCF275 /* 13_VerticalPagingView.swift */,
				6764F6C32A07A96E00242A76 /* 14_RoundedCornerShape.swift */,
				670792202A043BAB00FCF275 /* 15_ScrollViewOffset.swift */,
				677022232A21ECDA00BAB4C5 /* 16_OverlayPreferenceKeyExample.swift */,
				67CEB8D62A2B218D00F6117F /* 17_DisableUserInteractionExample.swift */,
				67A91A732A362BFA005C245D /* 18_MultipleSheetsView.swift */,
				670098402A3D95900083A058 /* 19_StrikeThroughExample.swift */,
				67537DC22A46C66300BBF348 /* 20_ViewWithTaskExample.swift */,
				677B0B022A503C4000562A63 /* 21_FillVSForegroundColorExample.swift */,
				679846542A5969C000EC6EBA /* 22_ProgressBarExample.swift */,
				67495DDF2A629CC800B20672 /* 23_HorizontalCollectionFirstExample.swift */,
				67B016492A6BACF000A55D40 /* 24_SwitchCaseAnimationExample.swift */,
				673976FD2A751C8C008028CF /* 25_CancelTaskExample.swift */,
				67A619792A7E221B00301808 /* 26_TextEditorPlaceholderExample.swift */,
				671E1E022A87880F0040B818 /* 27_BindingGetSetExample.swift */,
				676762542A909E0500982F32 /* 28_TabViewFilledIconExample.swift */,
				673F24E92A99E87300EBF940 /* 29_PluralsLocalizationExample.swift */,
				678217922AA4807B00FA8A96 /* 30_PrintChangesExample.swift */,
				67EA14912AACC15E00CC8057 /* 31_BackButtonTitleExample.swift */,
				67329EAA2AD1713C0011D8D9 /* 35_TransitionExample.swift */,
				67EC69F92ADAA81B0087496D /* 36_ThirdPartyDeeplinkExample.swift */,
				673BBCD42AE3E85800A8A825 /* 37_LoadingIndicatorModifierExample.swift */,
				675E485F2AF6295D0069FC8F /* 39_CustomHeightSheetExample.swift */,
				678F21AB2AFD0745009F6CFC /* 40_ZoomableViewExample.swift */,
				67D259DF2B02A3CD00B7FE27 /* 41_ToastViewExample.swift */,
				674DF0412B11EEDB00828016 /* 42_NavigationExample_1 */,
				673E90092B1B408200E93F8C /* 43_NavigationExample_2 */,
				674E70442B2462EB008AE9D0 /* 44_NavigationExample_3 */,
				672835C52B2D8992005A8175 /* 45_LoggerExample.swift */,
				677AE90C2B40074300A2DBA7 /* 47_ShadowExample.swift */,
				67A5D7172B498A9800F59B98 /* 48_BlurExample.swift */,
				671EB8372B5285E5006D2E57 /* 49_ReadSizeExample.swift */,
				67AEE6A62B5BCF6D0011A562 /* 50_OnboardingExample */,
				670A45F42B6E2CA400B4DDA6 /* 52_SkeletonExample */,
				675C914F2B76912B0088B507 /* 53_HTMLExample.swift */,
				67FCEB752B7A938C003DFDB5 /* 54_UIKitPreviewExample.swift */,
				67567D082B920C20009D2568 /* 56_ScrollToExample.swift */,
				67E875132B9C4427009D0923 /* 57_MaskedFieldExample.swift */,
				67B5BF6B2BA57CFA0034D93C /* 58_BackgroundTaskExample.swift */,
				67DADFC82BB7F1FB009E3F21 /* 60_EquatableExample.swift */,
				6755D2E22BC067C2002C00F5 /* 61_MatchedGeometryEffectExample.swift */,
				67ECEA3D2BC9B73C0077917E /* 62_DrawingAndCompositingGroupExample.swift */,
				67939CF2298E422900B7F059 /* Assets.xcassets */,
				67B3E74629EA954900FD7B6F /* BorderVsStrokeBorder.swift */,
				673F24EB2A99F0AB00EBF940 /* Localization */,
				67939CF4298E422900B7F059 /* Preview Content */,
				67939CEE298E422700B7F059 /* Shared_SwiftUI_ContentApp.swift */,
				67939D02298E4A9100B7F059 /* Shared-SwiftUI-Content-Info.plist */,
			);
			path = "Shared SwiftUI Content";
			sourceTree = "<group>";
		};
		67939CF4298E422900B7F059 /* Preview Content */ = {
			isa = PBXGroup;
			children = (
				67939CF5298E422900B7F059 /* Preview Assets.xcassets */,
			);
			path = "Preview Content";
			sourceTree = "<group>";
		};
		67AEE6A62B5BCF6D0011A562 /* 50_OnboardingExample */ = {
			isa = PBXGroup;
			children = (
				67AEE6A92B5BD0370011A562 /* Onboarding+ */,
				67AEE6A72B5BD01E0011A562 /* OnboardingExample.swift */,
			);
			path = 50_OnboardingExample;
			sourceTree = "<group>";
		};
		67AEE6A92B5BD0370011A562 /* Onboarding+ */ = {
			isa = PBXGroup;
			children = (
				67AEE6AA2B5BD0410011A562 /* SUIOnboarding+ItemModel.swift */,
				67AEE6AC2B5BD0410011A562 /* SUIOnboarding+MaskFramePreferenceKey.swift */,
				67AEE6AF2B5BD0410011A562 /* SUIOnboarding+OverlayViewModifier.swift */,
				67AEE6AD2B5BD0410011A562 /* SUIOnboarding+TooltipModel.swift */,
				67AEE6B12B5BD0410011A562 /* SUIOnboarding+TooltipShape.swift */,
				67AEE6AE2B5BD0410011A562 /* SUIOnboarding+TooltipView.swift */,
				67AEE6B02B5BD0410011A562 /* SUIOnboarding+TooltipViewModifier.swift */,
			);
			path = "Onboarding+";
			sourceTree = "<group>";
		};
/* End PBXGroup section */

/* Begin PBXNativeTarget section */
		67939CEA298E422700B7F059 /* Shared SwiftUI Content */ = {
			isa = PBXNativeTarget;
			buildConfigurationList = 67939CF9298E422900B7F059 /* Build configuration list for PBXNativeTarget "Shared SwiftUI Content" */;
			buildPhases = (
				67939CE7298E422700B7F059 /* Sources */,
				67939CE8298E422700B7F059 /* Frameworks */,
				67939CE9298E422700B7F059 /* Resources */,
			);
			buildRules = (
			);
			dependencies = (
			);
			name = "Shared SwiftUI Content";
			productName = "Shared SwiftUI Content";
			productReference = 67939CEB298E422700B7F059 /* Shared SwiftUI Content.app */;
			productType = "com.apple.product-type.application";
		};
/* End PBXNativeTarget section */

/* Begin PBXProject section */
		67939CE3298E422700B7F059 /* Project object */ = {
			isa = PBXProject;
			attributes = {
				BuildIndependentTargetsInParallel = 1;
				LastSwiftUpdateCheck = 1420;
				LastUpgradeCheck = 1500;
				TargetAttributes = {
					67939CEA298E422700B7F059 = {
						CreatedOnToolsVersion = 14.2;
					};
				};
			};
			buildConfigurationList = 67939CE6298E422700B7F059 /* Build configuration list for PBXProject "Shared SwiftUI Content" */;
			compatibilityVersion = "Xcode 14.0";
			developmentRegion = ru;
			hasScannedForEncodings = 0;
			knownRegions = (
				en,
				Base,
				ru,
			);
			mainGroup = 67939CE2298E422700B7F059;
			productRefGroup = 67939CEC298E422700B7F059 /* Products */;
			projectDirPath = "";
			projectRoot = "";
			targets = (
				67939CEA298E422700B7F059 /* Shared SwiftUI Content */,
			);
		};
/* End PBXProject section */

/* Begin PBXResourcesBuildPhase section */
		67939CE9298E422700B7F059 /* Resources */ = {
			isa = PBXResourcesBuildPhase;
			buildActionMask = 2147483647;
			files = (
				67939CF6298E422900B7F059 /* Preview Assets.xcassets in Resources */,
				67939CF3298E422900B7F059 /* Assets.xcassets in Resources */,
				673F24E52A99E74000EBF940 /* Localizable.stringsdict in Resources */,
			);
			runOnlyForDeploymentPostprocessing = 0;
		};
/* End PBXResourcesBuildPhase section */

/* Begin PBXSourcesBuildPhase section */
		67939CE7298E422700B7F059 /* Sources */ = {
			isa = PBXSourcesBuildPhase;
			buildActionMask = 2147483647;
			files = (
				67939CFD298E425A00B7F059 /* 3_CustomSecureFieldExample.swift in Sources */,
				671EB8382B5285E5006D2E57 /* 49_ReadSizeExample.swift in Sources */,
				67A6197A2A7E221B00301808 /* 26_TextEditorPlaceholderExample.swift in Sources */,
				677AE90D2B40074300A2DBA7 /* 47_ShadowExample.swift in Sources */,
				67495DE02A629CC800B20672 /* 23_HorizontalCollectionFirstExample.swift in Sources */,
				67B5BF6C2BA57CFA0034D93C /* 58_BackgroundTaskExample.swift in Sources */,
				678F21A82AFB8822009F6CFC /* 7_SafariVCExample.swift in Sources */,
				670098412A3D95900083A058 /* 19_StrikeThroughExample.swift in Sources */,
				674DF04B2B1202CF00828016 /* Binding+.swift in Sources */,
				674DF0492B12022D00828016 /* NVMainScreen.swift in Sources */,
				67329EAB2AD1713C0011D8D9 /* 35_TransitionExample.swift in Sources */,
				677B0B032A503C4000562A63 /* 21_FillVSForegroundColorExample.swift in Sources */,
				674DF0452B11F8A800828016 /* NVAppViewModel.swift in Sources */,
				67939D01298E484400B7F059 /* 4_UIKitViewDidAppear.swift in Sources */,
				670A46002B6E37FD00B4DDA6 /* SkeletonExample.swift in Sources */,
				67ECEA3E2BC9B73C0077917E /* 62_DrawingAndCompositingGroupExample.swift in Sources */,
				674DF0472B11FAAC00828016 /* NVAuthorizeScreen.swift in Sources */,
				674DF0522B1208FE00828016 /* NVErrorScreen.swift in Sources */,
				67CEB8D72A2B218D00F6117F /* 17_DisableUserInteractionExample.swift in Sources */,
				677022242A21ECDA00BAB4C5 /* 16_OverlayPreferenceKeyExample.swift in Sources */,
				67A91A742A362BFA005C245D /* 18_MultipleSheetsView.swift in Sources */,
				67DADFC92BB7F1FB009E3F21 /* 60_EquatableExample.swift in Sources */,
				678F21AA2AFB89DE009F6CFC /* 5_TextWithLinkExample.swift in Sources */,
				674DF04D2B1202E600828016 /* NavigationLink+.swift in Sources */,
				675E48602AF6295D0069FC8F /* 39_CustomHeightSheetExample.swift in Sources */,
				673E901A2B1B42CC00E93F8C /* NSSettingsScreen.swift in Sources */,
				670A45FC2B6E2CBA00B4DDA6 /* SkeletonModifier+NeedReloadView.swift in Sources */,
				678F21AC2AFD0745009F6CFC /* 40_ZoomableViewExample.swift in Sources */,
				67AEE6B82B5BD0410011A562 /* SUIOnboarding+TooltipViewModifier.swift in Sources */,
				67567D092B920C20009D2568 /* 56_ScrollToExample.swift in Sources */,
				67AEE6B22B5BD0410011A562 /* SUIOnboarding+ItemModel.swift in Sources */,
				67AEE6B42B5BD0410011A562 /* SUIOnboarding+MaskFramePreferenceKey.swift in Sources */,
				676762552A909E0500982F32 /* 28_TabViewFilledIconExample.swift in Sources */,
				6718A61F29EC566900B24A18 /* 11_ToggleListExample.swift in Sources */,
				67537DC12A46C5C300BBF348 /* 1_UIKitTextViewExample.swift in Sources */,
				67AEE6B52B5BD0410011A562 /* SUIOnboarding+TooltipModel.swift in Sources */,
				67DEDCEE29FD0F9A00D46277 /* 12_SafeAreaExample.swift in Sources */,
				673E90182B1B428C00E93F8C /* NSBookmarksScreen.swift in Sources */,
				6764F6C42A07A96E00242A76 /* 14_RoundedCornerShape.swift in Sources */,
				67EC69FA2ADAA81B0087496D /* 36_ThirdPartyDeeplinkExample.swift in Sources */,
				67939CEF298E422700B7F059 /* Shared_SwiftUI_ContentApp.swift in Sources */,
				678F21A42AFB85A5009F6CFC /* 9_ColorThemeService.swift in Sources */,
				67537DC32A46C66300BBF348 /* 20_ViewWithTaskExample.swift in Sources */,
				678F21A62AFB864D009F6CFC /* 8_PickImageExample.swift in Sources */,
				678217932AA4807B00FA8A96 /* 30_PrintChangesExample.swift in Sources */,
				67B3E74729EA954900FD7B6F /* BorderVsStrokeBorder.swift in Sources */,
				673BBCD52AE3E85800A8A825 /* 37_LoadingIndicatorModifierExample.swift in Sources */,
				67AEE6B92B5BD0410011A562 /* SUIOnboarding+TooltipShape.swift in Sources */,
				674E70462B246329008AE9D0 /* TVRootScreen.swift in Sources */,
				674DF0542B120A6C00828016 /* NVBookmarksScreen.swift in Sources */,
				67AEE6B62B5BD0410011A562 /* SUIOnboarding+TooltipView.swift in Sources */,
				674DF0432B11F36600828016 /* NVRootScreen.swift in Sources */,
				674DF04F2B12070A00828016 /* NVProfileScreen.swift in Sources */,
				673E90102B1B419300E93F8C /* NSAuthorizeScreen.swift in Sources */,
				673976FE2A751C8C008028CF /* 25_CancelTaskExample.swift in Sources */,
				670A45FE2B6E2CBA00B4DDA6 /* View+skeleton.swift in Sources */,
				670A45FB2B6E2CBA00B4DDA6 /* SkeletonModifier.swift in Sources */,
				673E90142B1B41F600E93F8C /* NSProfileScreen.swift in Sources */,
				67D259E02B02A3CD00B7FE27 /* 41_ToastViewExample.swift in Sources */,
				675C91502B76912B0088B507 /* 53_HTMLExample.swift in Sources */,
				672835C62B2D8992005A8175 /* 45_LoggerExample.swift in Sources */,
				6755D2E32BC067C2002C00F5 /* 61_MatchedGeometryEffectExample.swift in Sources */,
				670A45FA2B6E2CBA00B4DDA6 /* SkeletonModifier+Mode.swift in Sources */,
				6707921F2A0436DB00FCF275 /* 13_VerticalPagingView.swift in Sources */,
				674E704A2B24650A008AE9D0 /* TVSettingsScreen.swift in Sources */,
				673F24EA2A99E87300EBF940 /* 29_PluralsLocalizationExample.swift in Sources */,
				679846552A5969C000EC6EBA /* 22_ProgressBarExample.swift in Sources */,
				673E90122B1B41B200E93F8C /* NSMainScreen.swift in Sources */,
				678F21A22AFB8454009F6CFC /* 10_LazyVGridExample.swift in Sources */,
				674DF0562B120D4800828016 /* NVSettingsScreen.swift in Sources */,
				673E900E2B1B40FB00E93F8C /* NSRootScreen.swift in Sources */,
				67AEE6B72B5BD0410011A562 /* SUIOnboarding+OverlayViewModifier.swift in Sources */,
				670792212A043BAB00FCF275 /* 15_ScrollViewOffset.swift in Sources */,
				67AEE6A82B5BD01E0011A562 /* OnboardingExample.swift in Sources */,
				67B0164A2A6BACF000A55D40 /* 24_SwitchCaseAnimationExample.swift in Sources */,
				67E875142B9C4427009D0923 /* 57_MaskedFieldExample.swift in Sources */,
				67A5D7182B498A9800F59B98 /* 48_BlurExample.swift in Sources */,
				673E90162B1B423800E93F8C /* NSErrorScreen.swift in Sources */,
				673E900B2B1B40B400E93F8C /* NSAppViewModel.swift in Sources */,
				67FCEB762B7A938C003DFDB5 /* 54_UIKitPreviewExample.swift in Sources */,
				674E70482B2464AB008AE9D0 /* TVHomeScreen.swift in Sources */,
				671E1E032A87880F0040B818 /* 27_BindingGetSetExample.swift in Sources */,
				67EA14922AACC15E00CC8057 /* 31_BackButtonTitleExample.swift in Sources */,
			);
			runOnlyForDeploymentPostprocessing = 0;
		};
/* End PBXSourcesBuildPhase section */

/* Begin PBXVariantGroup section */
		673F24E72A99E74000EBF940 /* Localizable.stringsdict */ = {
			isa = PBXVariantGroup;
			children = (
				673F24E62A99E74000EBF940 /* en */,
				673F24E82A99E75700EBF940 /* ru */,
			);
			name = Localizable.stringsdict;
			sourceTree = "<group>";
		};
/* End PBXVariantGroup section */

/* Begin XCBuildConfiguration section */
		67939CF7298E422900B7F059 /* Debug */ = {
			isa = XCBuildConfiguration;
			buildSettings = {
				ALWAYS_SEARCH_USER_PATHS = NO;
				ASSETCATALOG_COMPILER_GENERATE_SWIFT_ASSET_SYMBOL_EXTENSIONS = YES;
				CLANG_ANALYZER_LOCALIZABILITY_NONLOCALIZED = YES;
				CLANG_ANALYZER_NONNULL = YES;
				CLANG_ANALYZER_NUMBER_OBJECT_CONVERSION = YES_AGGRESSIVE;
				CLANG_CXX_LANGUAGE_STANDARD = "gnu++20";
				CLANG_ENABLE_MODULES = YES;
				CLANG_ENABLE_OBJC_ARC = YES;
				CLANG_ENABLE_OBJC_WEAK = YES;
				CLANG_WARN_BLOCK_CAPTURE_AUTORELEASING = YES;
				CLANG_WARN_BOOL_CONVERSION = YES;
				CLANG_WARN_COMMA = YES;
				CLANG_WARN_CONSTANT_CONVERSION = YES;
				CLANG_WARN_DEPRECATED_OBJC_IMPLEMENTATIONS = YES;
				CLANG_WARN_DIRECT_OBJC_ISA_USAGE = YES_ERROR;
				CLANG_WARN_DOCUMENTATION_COMMENTS = YES;
				CLANG_WARN_EMPTY_BODY = YES;
				CLANG_WARN_ENUM_CONVERSION = YES;
				CLANG_WARN_INFINITE_RECURSION = YES;
				CLANG_WARN_INT_CONVERSION = YES;
				CLANG_WARN_NON_LITERAL_NULL_CONVERSION = YES;
				CLANG_WARN_OBJC_IMPLICIT_RETAIN_SELF = YES;
				CLANG_WARN_OBJC_LITERAL_CONVERSION = YES;
				CLANG_WARN_OBJC_ROOT_CLASS = YES_ERROR;
				CLANG_WARN_QUOTED_INCLUDE_IN_FRAMEWORK_HEADER = YES;
				CLANG_WARN_RANGE_LOOP_ANALYSIS = YES;
				CLANG_WARN_STRICT_PROTOTYPES = YES;
				CLANG_WARN_SUSPICIOUS_MOVE = YES;
				CLANG_WARN_UNGUARDED_AVAILABILITY = YES_AGGRESSIVE;
				CLANG_WARN_UNREACHABLE_CODE = YES;
				CLANG_WARN__DUPLICATE_METHOD_MATCH = YES;
				COPY_PHASE_STRIP = NO;
				DEBUG_INFORMATION_FORMAT = dwarf;
				ENABLE_STRICT_OBJC_MSGSEND = YES;
				ENABLE_TESTABILITY = YES;
				ENABLE_USER_SCRIPT_SANDBOXING = YES;
				GCC_C_LANGUAGE_STANDARD = gnu11;
				GCC_DYNAMIC_NO_PIC = NO;
				GCC_NO_COMMON_BLOCKS = YES;
				GCC_OPTIMIZATION_LEVEL = 0;
				GCC_PREPROCESSOR_DEFINITIONS = (
					"DEBUG=1",
					"$(inherited)",
				);
				GCC_WARN_64_TO_32_BIT_CONVERSION = YES;
				GCC_WARN_ABOUT_RETURN_TYPE = YES_ERROR;
				GCC_WARN_UNDECLARED_SELECTOR = YES;
				GCC_WARN_UNINITIALIZED_AUTOS = YES_AGGRESSIVE;
				GCC_WARN_UNUSED_FUNCTION = YES;
				GCC_WARN_UNUSED_VARIABLE = YES;
				IPHONEOS_DEPLOYMENT_TARGET = 16.0;
				MTL_ENABLE_DEBUG_INFO = INCLUDE_SOURCE;
				MTL_FAST_MATH = YES;
				ONLY_ACTIVE_ARCH = YES;
				SDKROOT = iphoneos;
				SWIFT_ACTIVE_COMPILATION_CONDITIONS = DEBUG;
				SWIFT_OPTIMIZATION_LEVEL = "-Onone";
			};
			name = Debug;
		};
		67939CF8298E422900B7F059 /* Release */ = {
			isa = XCBuildConfiguration;
			buildSettings = {
				ALWAYS_SEARCH_USER_PATHS = NO;
				ASSETCATALOG_COMPILER_GENERATE_SWIFT_ASSET_SYMBOL_EXTENSIONS = YES;
				CLANG_ANALYZER_LOCALIZABILITY_NONLOCALIZED = YES;
				CLANG_ANALYZER_NONNULL = YES;
				CLANG_ANALYZER_NUMBER_OBJECT_CONVERSION = YES_AGGRESSIVE;
				CLANG_CXX_LANGUAGE_STANDARD = "gnu++20";
				CLANG_ENABLE_MODULES = YES;
				CLANG_ENABLE_OBJC_ARC = YES;
				CLANG_ENABLE_OBJC_WEAK = YES;
				CLANG_WARN_BLOCK_CAPTURE_AUTORELEASING = YES;
				CLANG_WARN_BOOL_CONVERSION = YES;
				CLANG_WARN_COMMA = YES;
				CLANG_WARN_CONSTANT_CONVERSION = YES;
				CLANG_WARN_DEPRECATED_OBJC_IMPLEMENTATIONS = YES;
				CLANG_WARN_DIRECT_OBJC_ISA_USAGE = YES_ERROR;
				CLANG_WARN_DOCUMENTATION_COMMENTS = YES;
				CLANG_WARN_EMPTY_BODY = YES;
				CLANG_WARN_ENUM_CONVERSION = YES;
				CLANG_WARN_INFINITE_RECURSION = YES;
				CLANG_WARN_INT_CONVERSION = YES;
				CLANG_WARN_NON_LITERAL_NULL_CONVERSION = YES;
				CLANG_WARN_OBJC_IMPLICIT_RETAIN_SELF = YES;
				CLANG_WARN_OBJC_LITERAL_CONVERSION = YES;
				CLANG_WARN_OBJC_ROOT_CLASS = YES_ERROR;
				CLANG_WARN_QUOTED_INCLUDE_IN_FRAMEWORK_HEADER = YES;
				CLANG_WARN_RANGE_LOOP_ANALYSIS = YES;
				CLANG_WARN_STRICT_PROTOTYPES = YES;
				CLANG_WARN_SUSPICIOUS_MOVE = YES;
				CLANG_WARN_UNGUARDED_AVAILABILITY = YES_AGGRESSIVE;
				CLANG_WARN_UNREACHABLE_CODE = YES;
				CLANG_WARN__DUPLICATE_METHOD_MATCH = YES;
				COPY_PHASE_STRIP = NO;
				DEBUG_INFORMATION_FORMAT = "dwarf-with-dsym";
				ENABLE_NS_ASSERTIONS = NO;
				ENABLE_STRICT_OBJC_MSGSEND = YES;
				ENABLE_USER_SCRIPT_SANDBOXING = YES;
				GCC_C_LANGUAGE_STANDARD = gnu11;
				GCC_NO_COMMON_BLOCKS = YES;
				GCC_WARN_64_TO_32_BIT_CONVERSION = YES;
				GCC_WARN_ABOUT_RETURN_TYPE = YES_ERROR;
				GCC_WARN_UNDECLARED_SELECTOR = YES;
				GCC_WARN_UNINITIALIZED_AUTOS = YES_AGGRESSIVE;
				GCC_WARN_UNUSED_FUNCTION = YES;
				GCC_WARN_UNUSED_VARIABLE = YES;
				IPHONEOS_DEPLOYMENT_TARGET = 16.0;
				MTL_ENABLE_DEBUG_INFO = NO;
				MTL_FAST_MATH = YES;
				SDKROOT = iphoneos;
				SWIFT_COMPILATION_MODE = wholemodule;
				SWIFT_OPTIMIZATION_LEVEL = "-O";
				VALIDATE_PRODUCT = YES;
			};
			name = Release;
		};
		67939CFA298E422900B7F059 /* Debug */ = {
			isa = XCBuildConfiguration;
			buildSettings = {
				ASSETCATALOG_COMPILER_APPICON_NAME = AppIcon;
				ASSETCATALOG_COMPILER_GLOBAL_ACCENT_COLOR_NAME = AccentColor;
				CODE_SIGN_STYLE = Automatic;
				CURRENT_PROJECT_VERSION = 1;
				DEVELOPMENT_ASSET_PATHS = "\"Shared SwiftUI Content/Preview Content\"";
				DEVELOPMENT_TEAM = 3PHS45582J;
				ENABLE_PREVIEWS = YES;
				GENERATE_INFOPLIST_FILE = YES;
				INFOPLIST_FILE = "Shared-SwiftUI-Content-Info.plist";
				INFOPLIST_KEY_UIApplicationSceneManifest_Generation = YES;
				INFOPLIST_KEY_UIApplicationSupportsIndirectInputEvents = YES;
				INFOPLIST_KEY_UILaunchScreen_Generation = YES;
				INFOPLIST_KEY_UISupportedInterfaceOrientations_iPad = "UIInterfaceOrientationPortrait UIInterfaceOrientationPortraitUpsideDown UIInterfaceOrientationLandscapeLeft UIInterfaceOrientationLandscapeRight";
				INFOPLIST_KEY_UISupportedInterfaceOrientations_iPhone = "UIInterfaceOrientationPortrait UIInterfaceOrientationLandscapeLeft UIInterfaceOrientationLandscapeRight";
				IPHONEOS_DEPLOYMENT_TARGET = 16.0;
				LD_RUNPATH_SEARCH_PATHS = (
					"$(inherited)",
					"@executable_path/Frameworks",
				);
				MARKETING_VERSION = 1.0;
				PRODUCT_BUNDLE_IDENTIFIER = "com.oleg991.Shared-SwiftUI-Content";
				PRODUCT_NAME = "$(TARGET_NAME)";
				SUPPORTED_PLATFORMS = "iphoneos iphonesimulator";
				SUPPORTS_MACCATALYST = NO;
				SUPPORTS_MAC_DESIGNED_FOR_IPHONE_IPAD = NO;
				SUPPORTS_XR_DESIGNED_FOR_IPHONE_IPAD = NO;
				SWIFT_EMIT_LOC_STRINGS = YES;
				SWIFT_VERSION = 5.0;
				TARGETED_DEVICE_FAMILY = 1;
			};
			name = Debug;
		};
		67939CFB298E422900B7F059 /* Release */ = {
			isa = XCBuildConfiguration;
			buildSettings = {
				ASSETCATALOG_COMPILER_APPICON_NAME = AppIcon;
				ASSETCATALOG_COMPILER_GLOBAL_ACCENT_COLOR_NAME = AccentColor;
				CODE_SIGN_STYLE = Automatic;
				CURRENT_PROJECT_VERSION = 1;
				DEVELOPMENT_ASSET_PATHS = "\"Shared SwiftUI Content/Preview Content\"";
				DEVELOPMENT_TEAM = 3PHS45582J;
				ENABLE_PREVIEWS = YES;
				GENERATE_INFOPLIST_FILE = YES;
				INFOPLIST_FILE = "Shared-SwiftUI-Content-Info.plist";
				INFOPLIST_KEY_UIApplicationSceneManifest_Generation = YES;
				INFOPLIST_KEY_UIApplicationSupportsIndirectInputEvents = YES;
				INFOPLIST_KEY_UILaunchScreen_Generation = YES;
				INFOPLIST_KEY_UISupportedInterfaceOrientations_iPad = "UIInterfaceOrientationPortrait UIInterfaceOrientationPortraitUpsideDown UIInterfaceOrientationLandscapeLeft UIInterfaceOrientationLandscapeRight";
				INFOPLIST_KEY_UISupportedInterfaceOrientations_iPhone = "UIInterfaceOrientationPortrait UIInterfaceOrientationLandscapeLeft UIInterfaceOrientationLandscapeRight";
				IPHONEOS_DEPLOYMENT_TARGET = 16.0;
				LD_RUNPATH_SEARCH_PATHS = (
					"$(inherited)",
					"@executable_path/Frameworks",
				);
				MARKETING_VERSION = 1.0;
				PRODUCT_BUNDLE_IDENTIFIER = "com.oleg991.Shared-SwiftUI-Content";
				PRODUCT_NAME = "$(TARGET_NAME)";
				SUPPORTED_PLATFORMS = "iphoneos iphonesimulator";
				SUPPORTS_MACCATALYST = NO;
				SUPPORTS_MAC_DESIGNED_FOR_IPHONE_IPAD = NO;
				SUPPORTS_XR_DESIGNED_FOR_IPHONE_IPAD = NO;
				SWIFT_EMIT_LOC_STRINGS = YES;
				SWIFT_VERSION = 5.0;
				TARGETED_DEVICE_FAMILY = 1;
			};
			name = Release;
		};
/* End XCBuildConfiguration section */

/* Begin XCConfigurationList section */
		67939CE6298E422700B7F059 /* Build configuration list for PBXProject "Shared SwiftUI Content" */ = {
			isa = XCConfigurationList;
			buildConfigurations = (
				67939CF7298E422900B7F059 /* Debug */,
				67939CF8298E422900B7F059 /* Release */,
			);
			defaultConfigurationIsVisible = 0;
			defaultConfigurationName = Release;
		};
		67939CF9298E422900B7F059 /* Build configuration list for PBXNativeTarget "Shared SwiftUI Content" */ = {
			isa = XCConfigurationList;
			buildConfigurations = (
				67939CFA298E422900B7F059 /* Debug */,
				67939CFB298E422900B7F059 /* Release */,
			);
			defaultConfigurationIsVisible = 0;
			defaultConfigurationName = Release;
		};
/* End XCConfigurationList section */
	};
	rootObject = 67939CE3298E422700B7F059 /* Project object */;
}
